PODS:
  - Alamofire (4.4.0)
  - Alamofire-Synchronous (4.0.0):
    - Alamofire (~> 4.0)
  - Crashlytics (3.8.4):
    - Fabric (~> 1.6.3)
  - Fabric (1.6.11)
  - Kommander (0.3.0)
  - ObjectMapper (2.2.5)
  - ResponseDetective (1.0)
  - Reusable (4.0.0):
    - Reusable/Storyboard (= 4.0.0)
    - Reusable/View (= 4.0.0)
  - Reusable/Storyboard (4.0.0)
  - Reusable/View (4.0.0)
  - XCTest-Gherkin (0.9.0):
    - XCTest-Gherkin/Core (= 0.9.0)
  - XCTest-Gherkin/Core (0.9.0)
  - XCTest-Gherkin/Native (0.9.0):
    - XCTest-Gherkin/Core

DEPENDENCIES:
  - Alamofire (~> 4.0)
  - Alamofire-Synchronous (~> 4.0)
  - Crashlytics
  - Fabric
  - Kommander
  - ObjectMapper
  - ResponseDetective (~> 1.0)
  - Reusable
  - XCTest-Gherkin
  - XCTest-Gherkin/Native

SPEC CHECKSUMS:
  Alamofire: dc44b1600b800eb63da6a19039a0083d62a6a62d
  Alamofire-Synchronous: eedf1e6e961c3795a63c74990b3f7d9fbfac7e50
  Crashlytics: 79e236942ca1e7fc641df1feb9a275360a78ab6a
  Fabric: 5911403591946b8228ab1c51d98f1d7137e863c6
  Kommander: df36f1f4b43bb59a1975ff41d085721b288f2774
  ObjectMapper: fb30f71e08470d1e5a20b199fafe1246281db898
  ResponseDetective: ccdd99846c52290aecc6520aaa1e6c22fdf4998a
  Reusable: 98e5fff1e0e2e00872199699b276dde08ee56c07
  XCTest-Gherkin: 1b4a3a1ee6e464f2223dea67fbea16bb58cf0c07

PODFILE CHECKSUM: 072af8453fae25d62fade3aedf3052fcae82adcb

COCOAPODS: 1.2.0.beta.3
