PODS:
  - Alamofire (4.4.0)
  - Alamofire-Synchronous (4.0.0):
    - Alamofire (~> 4.0)
  - HydraAsync (0.9.2)
  - ObjectMapper (2.2.4)
  - ResponseDetective (1.0)
  - Reusable (4.0.0):
    - Reusable/Storyboard (= 4.0.0)
    - Reusable/View (= 4.0.0)
  - Reusable/Storyboard (4.0.0)
  - Reusable/View (4.0.0)
  - XCTest-Gherkin (0.9.0):
    - XCTest-Gherkin/Core (= 0.9.0)
  - XCTest-Gherkin/Core (0.9.0)
  - XCTest-Gherkin/Native (0.9.0):
    - XCTest-Gherkin/Core

DEPENDENCIES:
  - Alamofire (~> 4.0)
  - Alamofire-Synchronous (~> 4.0)
  - HydraAsync
  - ObjectMapper
  - ResponseDetective (~> 1.0)
  - Reusable
  - XCTest-Gherkin
  - XCTest-Gherkin/Native

SPEC CHECKSUMS:
  Alamofire: dc44b1600b800eb63da6a19039a0083d62a6a62d
  Alamofire-Synchronous: eedf1e6e961c3795a63c74990b3f7d9fbfac7e50
  HydraAsync: 417971b583cb56790edf6a7ed9c5339fb7806a35
  ObjectMapper: 81d0e5d7c57129e3e93f29a04bdf9669542b37d2
  ResponseDetective: ccdd99846c52290aecc6520aaa1e6c22fdf4998a
  Reusable: 98e5fff1e0e2e00872199699b276dde08ee56c07
  XCTest-Gherkin: 1b4a3a1ee6e464f2223dea67fbea16bb58cf0c07

PODFILE CHECKSUM: a0a0c805c8fae7b88aa5d4bf27c07559f7753a31

COCOAPODS: 1.2.0.beta.3
