// !$*UTF8*$!
{
	archiveVersion = 1;
	classes = {
	};
	objectVersion = 46;
	objects = {

/* Begin PBXBuildFile section */
		590BD9DCA48BE3D7E4D6099A /* Pods_NotAnotherStarWarsAppTests.framework in Frameworks */ = {isa = PBXBuildFile; fileRef = 0C12672531E13BFE9E928C20 /* Pods_NotAnotherStarWarsAppTests.framework */; };
		88B037DCACD656D3B1D967E6 /* Pods_NotAnotherStarWarsApp.framework in Frameworks */ = {isa = PBXBuildFile; fileRef = A5DF6162A301B4D8FE8A2675 /* Pods_NotAnotherStarWarsApp.framework */; };
		AB2251181E4889F200EDA5D2 /* Transformable.swift in Sources */ = {isa = PBXBuildFile; fileRef = AB2251171E4889F200EDA5D2 /* Transformable.swift */; };
		AB22511D1E48A7DB00EDA5D2 /* DependencyProvider.swift in Sources */ = {isa = PBXBuildFile; fileRef = AB22511C1E48A7DB00EDA5D2 /* DependencyProvider.swift */; };
		AB4440051E44953A00193697 /* Net.swift in Sources */ = {isa = PBXBuildFile; fileRef = AB443FFA1E44953A00193697 /* Net.swift */; };
		AB4440061E44953A00193697 /* AlamoFireAdapter.swift in Sources */ = {isa = PBXBuildFile; fileRef = AB443FFC1E44953A00193697 /* AlamoFireAdapter.swift */; };
		AB4440071E44953A00193697 /* NetAlamoFire.swift in Sources */ = {isa = PBXBuildFile; fileRef = AB443FFD1E44953A00193697 /* NetAlamoFire.swift */; };
		AB4440081E44953A00193697 /* Api.swift in Sources */ = {isa = PBXBuildFile; fileRef = AB443FFF1E44953A00193697 /* Api.swift */; };
		AB4440091E44953A00193697 /* NetSupport.swift in Sources */ = {isa = PBXBuildFile; fileRef = AB4440001E44953A00193697 /* NetSupport.swift */; };
		AB44400A1E44953A00193697 /* RequestGenerator.swift in Sources */ = {isa = PBXBuildFile; fileRef = AB4440011E44953A00193697 /* RequestGenerator.swift */; };
		AB44400B1E44953A00193697 /* NetError.swift in Sources */ = {isa = PBXBuildFile; fileRef = AB4440021E44953A00193697 /* NetError.swift */; };
		AB44400C1E44953A00193697 /* NetworkResponse.swift in Sources */ = {isa = PBXBuildFile; fileRef = AB4440031E44953A00193697 /* NetworkResponse.swift */; };
		AB44400D1E44953A00193697 /* Request.swift in Sources */ = {isa = PBXBuildFile; fileRef = AB4440041E44953A00193697 /* Request.swift */; };
		AB44400F1E4498F800193697 /* NetApi.swift in Sources */ = {isa = PBXBuildFile; fileRef = AB44400E1E4498F800193697 /* NetApi.swift */; };
		AB44401B1E449BA600193697 /* PeopleProtocol.swift in Sources */ = {isa = PBXBuildFile; fileRef = AB4440131E449BA600193697 /* PeopleProtocol.swift */; };
		AB44401C1E449BA600193697 /* PeopleError.swift in Sources */ = {isa = PBXBuildFile; fileRef = AB4440141E449BA600193697 /* PeopleError.swift */; };
		AB44401D1E449BA600193697 /* PeopleDataRecover.swift in Sources */ = {isa = PBXBuildFile; fileRef = AB4440171E449BA600193697 /* PeopleDataRecover.swift */; };
		AB44401F1E449BA600193697 /* PeopleParser.swift in Sources */ = {isa = PBXBuildFile; fileRef = AB4440191E449BA600193697 /* PeopleParser.swift */; };
		AB4440201E449BA600193697 /* PeopleEngine.swift in Sources */ = {isa = PBXBuildFile; fileRef = AB44401A1E449BA600193697 /* PeopleEngine.swift */; };
		AB4440241E449C2F00193697 /* People.swift in Sources */ = {isa = PBXBuildFile; fileRef = AB4440231E449C2F00193697 /* People.swift */; };
		AB4440281E449F4F00193697 /* PagePeopleNet.swift in Sources */ = {isa = PBXBuildFile; fileRef = AB4440261E449F4F00193697 /* PagePeopleNet.swift */; };
		AB4440291E449F4F00193697 /* PersonNet.swift in Sources */ = {isa = PBXBuildFile; fileRef = AB4440271E449F4F00193697 /* PersonNet.swift */; };
		AB469D511E6834FA003856B3 /* Convertible.swift in Sources */ = {isa = PBXBuildFile; fileRef = AB469D501E6834FA003856B3 /* Convertible.swift */; };
		AB469D551E68371E003856B3 /* JSONable.swift in Sources */ = {isa = PBXBuildFile; fileRef = AB469D531E68371E003856B3 /* JSONable.swift */; };
		AB469D561E68371E003856B3 /* JSONableObjectMapper.swift in Sources */ = {isa = PBXBuildFile; fileRef = AB469D541E68371E003856B3 /* JSONableObjectMapper.swift */; };
		AB469D5C1E684043003856B3 /* PersonTransformer.swift in Sources */ = {isa = PBXBuildFile; fileRef = AB469D5B1E684043003856B3 /* PersonTransformer.swift */; };
		AB482E871E43A4010003E085 /* PeopleDetailViewController.swift in Sources */ = {isa = PBXBuildFile; fileRef = AB482E801E43A4010003E085 /* PeopleDetailViewController.swift */; };
		AB482E891E43A4010003E085 /* PeopleDetailPresenter.swift in Sources */ = {isa = PBXBuildFile; fileRef = AB482E841E43A4010003E085 /* PeopleDetailPresenter.swift */; };
		AB482E8A1E43A4010003E085 /* People.storyboard in Resources */ = {isa = PBXBuildFile; fileRef = AB482E861E43A4010003E085 /* People.storyboard */; };
		AB4837A41E5AF67D00F54446 /* HomeScreen.swift in Sources */ = {isa = PBXBuildFile; fileRef = AB4837A31E5AF67D00F54446 /* HomeScreen.swift */; };
		AB4837A71E5AF9C500F54446 /* DetailPersonScreen.swift in Sources */ = {isa = PBXBuildFile; fileRef = AB4837A61E5AF9C500F54446 /* DetailPersonScreen.swift */; };
		AB4837A91E5B0A5900F54446 /* PeopleDetailLocalizable.swift in Sources */ = {isa = PBXBuildFile; fileRef = AB4837A81E5B0A5900F54446 /* PeopleDetailLocalizable.swift */; };
		AB4837BC1E5B101900F54446 /* PeopleDetailLocalizable.swift in Sources */ = {isa = PBXBuildFile; fileRef = AB4837A81E5B0A5900F54446 /* PeopleDetailLocalizable.swift */; };
		AB4837BE1E5B102B00F54446 /* HomeLocalizable.swift in Sources */ = {isa = PBXBuildFile; fileRef = AB7F58211E4DC8DA00144DD6 /* HomeLocalizable.swift */; };
		AB4837C11E5B106B00F54446 /* Localizable.strings in Resources */ = {isa = PBXBuildFile; fileRef = AB7F581F1E4DC7F900144DD6 /* Localizable.strings */; };
		AB4837CA1E5B153B00F54446 /* BaseLocalizable.swift in Sources */ = {isa = PBXBuildFile; fileRef = AB7F58231E4DCB7300144DD6 /* BaseLocalizable.swift */; };
		AB7F581D1E4DC7F900144DD6 /* Localizable.strings in Resources */ = {isa = PBXBuildFile; fileRef = AB7F581F1E4DC7F900144DD6 /* Localizable.strings */; };
		AB7F58221E4DC8DA00144DD6 /* HomeLocalizable.swift in Sources */ = {isa = PBXBuildFile; fileRef = AB7F58211E4DC8DA00144DD6 /* HomeLocalizable.swift */; };
		AB7F58291E4DD87F00144DD6 /* Features in Resources */ = {isa = PBXBuildFile; fileRef = AB7F58281E4DD87F00144DD6 /* Features */; };
		AB7F582B1E4DD92B00144DD6 /* XC_001_PersonDetail.swift in Sources */ = {isa = PBXBuildFile; fileRef = AB7F582A1E4DD92B00144DD6 /* XC_001_PersonDetail.swift */; };
		AB83026B1E425116004C3552 /* Assets.xcassets in Resources */ = {isa = PBXBuildFile; fileRef = AB83025F1E425116004C3552 /* Assets.xcassets */; };
		AB83026C1E425116004C3552 /* AppDelegate.swift in Sources */ = {isa = PBXBuildFile; fileRef = AB8302661E425116004C3552 /* AppDelegate.swift */; };
		AB83026E1E425116004C3552 /* LaunchScreen.storyboard in Resources */ = {isa = PBXBuildFile; fileRef = AB8302691E425116004C3552 /* LaunchScreen.storyboard */; };
		AB8302791E42525E004C3552 /* HomeViewController.swift in Sources */ = {isa = PBXBuildFile; fileRef = AB8302741E42525E004C3552 /* HomeViewController.swift */; };
		AB83027C1E42528D004C3552 /* HomePresenter.swift in Sources */ = {isa = PBXBuildFile; fileRef = AB83027B1E42528D004C3552 /* HomePresenter.swift */; };
		AB8302801E4252F2004C3552 /* AppManager.swift in Sources */ = {isa = PBXBuildFile; fileRef = AB83027F1E4252F2004C3552 /* AppManager.swift */; };
		AB8302821E425436004C3552 /* AppManagerTests.swift in Sources */ = {isa = PBXBuildFile; fileRef = AB8302811E425436004C3552 /* AppManagerTests.swift */; };
		AB8302851E4257BA004C3552 /* BaseViewController.swift in Sources */ = {isa = PBXBuildFile; fileRef = AB8302841E4257BA004C3552 /* BaseViewController.swift */; };
		AB8302871E42588C004C3552 /* AppDelegateTests.swift in Sources */ = {isa = PBXBuildFile; fileRef = AB8302861E42588C004C3552 /* AppDelegateTests.swift */; };
		AB924BE01E4B367B009781FF /* HomeViewControllerTests.swift in Sources */ = {isa = PBXBuildFile; fileRef = AB924BDF1E4B367B009781FF /* HomeViewControllerTests.swift */; };
		AB924BE31E4B3A2F009781FF /* PeopleInteractor.swift in Sources */ = {isa = PBXBuildFile; fileRef = AB924BE21E4B3A2F009781FF /* PeopleInteractor.swift */; };
		AB924BE91E4B3C1E009781FF /* PersonTableViewCell.swift in Sources */ = {isa = PBXBuildFile; fileRef = AB924BE71E4B3C1E009781FF /* PersonTableViewCell.swift */; };
		AB924BEA1E4B3C1E009781FF /* PersonTableViewCell.xib in Resources */ = {isa = PBXBuildFile; fileRef = AB924BE81E4B3C1E009781FF /* PersonTableViewCell.xib */; };
		ABA0DC491E53386B00557EB2 /* Home.storyboard in Resources */ = {isa = PBXBuildFile; fileRef = ABA0DC481E53386B00557EB2 /* Home.storyboard */; };
		ABB6C28F1E4DDD8E00AE19A1 /* UserInHome.swift in Sources */ = {isa = PBXBuildFile; fileRef = ABB6C28E1E4DDD8E00AE19A1 /* UserInHome.swift */; };
		ABB6C2921E4DDDF400AE19A1 /* UserArrivedPersonDetail.swift in Sources */ = {isa = PBXBuildFile; fileRef = ABB6C2901E4DDDF400AE19A1 /* UserArrivedPersonDetail.swift */; };
		ABB6C2931E4DDDF400AE19A1 /* UserTapPerson.swift in Sources */ = {isa = PBXBuildFile; fileRef = ABB6C2911E4DDDF400AE19A1 /* UserTapPerson.swift */; };
		ABEDC4031E5B1DEE00043E95 /* BaseLocalizableUI.swift in Sources */ = {isa = PBXBuildFile; fileRef = ABEDC4021E5B1DED00043E95 /* BaseLocalizableUI.swift */; };
		ABFE4B2A1E4DBA660073BDDA /* NavigationManager.swift in Sources */ = {isa = PBXBuildFile; fileRef = ABFE4B291E4DBA660073BDDA /* NavigationManager.swift */; };
		C42C5480159D2776C38E8291 /* Pods_NotAnotherStarWarsAppUITests.framework in Frameworks */ = {isa = PBXBuildFile; fileRef = F294A582C8A23108AC598E06 /* Pods_NotAnotherStarWarsAppUITests.framework */; };
/* End PBXBuildFile section */

/* Begin PBXContainerItemProxy section */
		AB8302421E424F89004C3552 /* PBXContainerItemProxy */ = {
			isa = PBXContainerItemProxy;
			containerPortal = AB8302251E424F89004C3552 /* Project object */;
			proxyType = 1;
			remoteGlobalIDString = AB83022C1E424F89004C3552;
			remoteInfo = NotAnotherStarWarsApp;
		};
		AB83024D1E424F8A004C3552 /* PBXContainerItemProxy */ = {
			isa = PBXContainerItemProxy;
			containerPortal = AB8302251E424F89004C3552 /* Project object */;
			proxyType = 1;
			remoteGlobalIDString = AB83022C1E424F89004C3552;
			remoteInfo = NotAnotherStarWarsApp;
		};
/* End PBXContainerItemProxy section */

/* Begin PBXFileReference section */
		0C12672531E13BFE9E928C20 /* Pods_NotAnotherStarWarsAppTests.framework */ = {isa = PBXFileReference; explicitFileType = wrapper.framework; includeInIndex = 0; path = Pods_NotAnotherStarWarsAppTests.framework; sourceTree = BUILT_PRODUCTS_DIR; };
		6F94DB5382A67962563AFF39 /* Pods-NotAnotherStarWarsAppTests.release.xcconfig */ = {isa = PBXFileReference; includeInIndex = 1; lastKnownFileType = text.xcconfig; name = "Pods-NotAnotherStarWarsAppTests.release.xcconfig"; path = "Pods/Target Support Files/Pods-NotAnotherStarWarsAppTests/Pods-NotAnotherStarWarsAppTests.release.xcconfig"; sourceTree = "<group>"; };
		A5DF6162A301B4D8FE8A2675 /* Pods_NotAnotherStarWarsApp.framework */ = {isa = PBXFileReference; explicitFileType = wrapper.framework; includeInIndex = 0; path = Pods_NotAnotherStarWarsApp.framework; sourceTree = BUILT_PRODUCTS_DIR; };
		AB2251171E4889F200EDA5D2 /* Transformable.swift */ = {isa = PBXFileReference; fileEncoding = 4; lastKnownFileType = sourcecode.swift; path = Transformable.swift; sourceTree = "<group>"; };
		AB22511C1E48A7DB00EDA5D2 /* DependencyProvider.swift */ = {isa = PBXFileReference; fileEncoding = 4; lastKnownFileType = sourcecode.swift; path = DependencyProvider.swift; sourceTree = "<group>"; };
		AB443FFA1E44953A00193697 /* Net.swift */ = {isa = PBXFileReference; fileEncoding = 4; lastKnownFileType = sourcecode.swift; path = Net.swift; sourceTree = "<group>"; };
		AB443FFC1E44953A00193697 /* AlamoFireAdapter.swift */ = {isa = PBXFileReference; fileEncoding = 4; lastKnownFileType = sourcecode.swift; path = AlamoFireAdapter.swift; sourceTree = "<group>"; };
		AB443FFD1E44953A00193697 /* NetAlamoFire.swift */ = {isa = PBXFileReference; fileEncoding = 4; lastKnownFileType = sourcecode.swift; path = NetAlamoFire.swift; sourceTree = "<group>"; };
		AB443FFF1E44953A00193697 /* Api.swift */ = {isa = PBXFileReference; fileEncoding = 4; lastKnownFileType = sourcecode.swift; path = Api.swift; sourceTree = "<group>"; };
		AB4440001E44953A00193697 /* NetSupport.swift */ = {isa = PBXFileReference; fileEncoding = 4; lastKnownFileType = sourcecode.swift; path = NetSupport.swift; sourceTree = "<group>"; };
		AB4440011E44953A00193697 /* RequestGenerator.swift */ = {isa = PBXFileReference; fileEncoding = 4; lastKnownFileType = sourcecode.swift; path = RequestGenerator.swift; sourceTree = "<group>"; };
		AB4440021E44953A00193697 /* NetError.swift */ = {isa = PBXFileReference; fileEncoding = 4; lastKnownFileType = sourcecode.swift; path = NetError.swift; sourceTree = "<group>"; };
		AB4440031E44953A00193697 /* NetworkResponse.swift */ = {isa = PBXFileReference; fileEncoding = 4; lastKnownFileType = sourcecode.swift; path = NetworkResponse.swift; sourceTree = "<group>"; };
		AB4440041E44953A00193697 /* Request.swift */ = {isa = PBXFileReference; fileEncoding = 4; lastKnownFileType = sourcecode.swift; path = Request.swift; sourceTree = "<group>"; };
		AB44400E1E4498F800193697 /* NetApi.swift */ = {isa = PBXFileReference; fileEncoding = 4; lastKnownFileType = sourcecode.swift; path = NetApi.swift; sourceTree = "<group>"; };
		AB4440131E449BA600193697 /* PeopleProtocol.swift */ = {isa = PBXFileReference; fileEncoding = 4; lastKnownFileType = sourcecode.swift; path = PeopleProtocol.swift; sourceTree = "<group>"; };
		AB4440141E449BA600193697 /* PeopleError.swift */ = {isa = PBXFileReference; fileEncoding = 4; lastKnownFileType = sourcecode.swift; path = PeopleError.swift; sourceTree = "<group>"; };
		AB4440171E449BA600193697 /* PeopleDataRecover.swift */ = {isa = PBXFileReference; fileEncoding = 4; lastKnownFileType = sourcecode.swift; path = PeopleDataRecover.swift; sourceTree = "<group>"; };
		AB4440191E449BA600193697 /* PeopleParser.swift */ = {isa = PBXFileReference; fileEncoding = 4; lastKnownFileType = sourcecode.swift; path = PeopleParser.swift; sourceTree = "<group>"; };
		AB44401A1E449BA600193697 /* PeopleEngine.swift */ = {isa = PBXFileReference; fileEncoding = 4; lastKnownFileType = sourcecode.swift; path = PeopleEngine.swift; sourceTree = "<group>"; };
		AB4440231E449C2F00193697 /* People.swift */ = {isa = PBXFileReference; fileEncoding = 4; lastKnownFileType = sourcecode.swift; path = People.swift; sourceTree = "<group>"; };
		AB4440261E449F4F00193697 /* PagePeopleNet.swift */ = {isa = PBXFileReference; fileEncoding = 4; lastKnownFileType = sourcecode.swift; path = PagePeopleNet.swift; sourceTree = "<group>"; };
		AB4440271E449F4F00193697 /* PersonNet.swift */ = {isa = PBXFileReference; fileEncoding = 4; lastKnownFileType = sourcecode.swift; path = PersonNet.swift; sourceTree = "<group>"; };
		AB469D501E6834FA003856B3 /* Convertible.swift */ = {isa = PBXFileReference; fileEncoding = 4; lastKnownFileType = sourcecode.swift; path = Convertible.swift; sourceTree = "<group>"; };
		AB469D531E68371E003856B3 /* JSONable.swift */ = {isa = PBXFileReference; fileEncoding = 4; lastKnownFileType = sourcecode.swift; path = JSONable.swift; sourceTree = "<group>"; };
		AB469D541E68371E003856B3 /* JSONableObjectMapper.swift */ = {isa = PBXFileReference; fileEncoding = 4; lastKnownFileType = sourcecode.swift; path = JSONableObjectMapper.swift; sourceTree = "<group>"; };
		AB469D5B1E684043003856B3 /* PersonTransformer.swift */ = {isa = PBXFileReference; fileEncoding = 4; lastKnownFileType = sourcecode.swift; path = PersonTransformer.swift; sourceTree = "<group>"; };
		AB482E801E43A4010003E085 /* PeopleDetailViewController.swift */ = {isa = PBXFileReference; fileEncoding = 4; lastKnownFileType = sourcecode.swift; path = PeopleDetailViewController.swift; sourceTree = "<group>"; };
		AB482E841E43A4010003E085 /* PeopleDetailPresenter.swift */ = {isa = PBXFileReference; fileEncoding = 4; lastKnownFileType = sourcecode.swift; path = PeopleDetailPresenter.swift; sourceTree = "<group>"; };
		AB482E861E43A4010003E085 /* People.storyboard */ = {isa = PBXFileReference; fileEncoding = 4; lastKnownFileType = file.storyboard; path = People.storyboard; sourceTree = "<group>"; };
		AB4837A31E5AF67D00F54446 /* HomeScreen.swift */ = {isa = PBXFileReference; fileEncoding = 4; lastKnownFileType = sourcecode.swift; path = HomeScreen.swift; sourceTree = "<group>"; };
		AB4837A61E5AF9C500F54446 /* DetailPersonScreen.swift */ = {isa = PBXFileReference; fileEncoding = 4; lastKnownFileType = sourcecode.swift; path = DetailPersonScreen.swift; sourceTree = "<group>"; };
		AB4837A81E5B0A5900F54446 /* PeopleDetailLocalizable.swift */ = {isa = PBXFileReference; fileEncoding = 4; lastKnownFileType = sourcecode.swift; path = PeopleDetailLocalizable.swift; sourceTree = "<group>"; };
		AB7F581E1E4DC7F900144DD6 /* en */ = {isa = PBXFileReference; lastKnownFileType = text.plist.strings; name = en; path = en.lproj/Localizable.strings; sourceTree = "<group>"; };
		AB7F58201E4DC80E00144DD6 /* es */ = {isa = PBXFileReference; lastKnownFileType = text.plist.strings; name = es; path = es.lproj/Localizable.strings; sourceTree = "<group>"; };
		AB7F58211E4DC8DA00144DD6 /* HomeLocalizable.swift */ = {isa = PBXFileReference; fileEncoding = 4; lastKnownFileType = sourcecode.swift; path = HomeLocalizable.swift; sourceTree = "<group>"; };
		AB7F58231E4DCB7300144DD6 /* BaseLocalizable.swift */ = {isa = PBXFileReference; fileEncoding = 4; lastKnownFileType = sourcecode.swift; path = BaseLocalizable.swift; sourceTree = "<group>"; };
		AB7F58281E4DD87F00144DD6 /* Features */ = {isa = PBXFileReference; lastKnownFileType = folder; path = Features; sourceTree = "<group>"; };
		AB7F582A1E4DD92B00144DD6 /* XC_001_PersonDetail.swift */ = {isa = PBXFileReference; fileEncoding = 4; lastKnownFileType = sourcecode.swift; path = XC_001_PersonDetail.swift; sourceTree = "<group>"; };
		AB83022D1E424F89004C3552 /* NotAnotherStarWarsApp.app */ = {isa = PBXFileReference; explicitFileType = wrapper.application; includeInIndex = 0; path = NotAnotherStarWarsApp.app; sourceTree = BUILT_PRODUCTS_DIR; };
		AB8302411E424F89004C3552 /* NotAnotherStarWarsAppTests.xctest */ = {isa = PBXFileReference; explicitFileType = wrapper.cfbundle; includeInIndex = 0; path = NotAnotherStarWarsAppTests.xctest; sourceTree = BUILT_PRODUCTS_DIR; };
		AB8302471E424F89004C3552 /* Info.plist */ = {isa = PBXFileReference; lastKnownFileType = text.plist.xml; path = Info.plist; sourceTree = "<group>"; };
		AB83024C1E424F8A004C3552 /* NotAnotherStarWarsAppUITests.xctest */ = {isa = PBXFileReference; explicitFileType = wrapper.cfbundle; includeInIndex = 0; path = NotAnotherStarWarsAppUITests.xctest; sourceTree = BUILT_PRODUCTS_DIR; };
		AB8302521E424F8A004C3552 /* Info.plist */ = {isa = PBXFileReference; lastKnownFileType = text.plist.xml; path = Info.plist; sourceTree = "<group>"; };
		AB83025F1E425116004C3552 /* Assets.xcassets */ = {isa = PBXFileReference; lastKnownFileType = folder.assetcatalog; path = Assets.xcassets; sourceTree = "<group>"; };
		AB8302661E425116004C3552 /* AppDelegate.swift */ = {isa = PBXFileReference; fileEncoding = 4; lastKnownFileType = sourcecode.swift; path = AppDelegate.swift; sourceTree = "<group>"; };
		AB8302671E425116004C3552 /* Info.plist */ = {isa = PBXFileReference; fileEncoding = 4; lastKnownFileType = text.plist.xml; path = Info.plist; sourceTree = "<group>"; };
		AB83026A1E425116004C3552 /* Base */ = {isa = PBXFileReference; lastKnownFileType = file.storyboard; name = Base; path = Base.lproj/LaunchScreen.storyboard; sourceTree = "<group>"; };
		AB8302741E42525E004C3552 /* HomeViewController.swift */ = {isa = PBXFileReference; fileEncoding = 4; lastKnownFileType = sourcecode.swift; path = HomeViewController.swift; sourceTree = "<group>"; };
		AB83027B1E42528D004C3552 /* HomePresenter.swift */ = {isa = PBXFileReference; fileEncoding = 4; lastKnownFileType = sourcecode.swift; path = HomePresenter.swift; sourceTree = "<group>"; };
		AB83027F1E4252F2004C3552 /* AppManager.swift */ = {isa = PBXFileReference; fileEncoding = 4; lastKnownFileType = sourcecode.swift; path = AppManager.swift; sourceTree = "<group>"; };
		AB8302811E425436004C3552 /* AppManagerTests.swift */ = {isa = PBXFileReference; fileEncoding = 4; lastKnownFileType = sourcecode.swift; path = AppManagerTests.swift; sourceTree = "<group>"; };
		AB8302841E4257BA004C3552 /* BaseViewController.swift */ = {isa = PBXFileReference; fileEncoding = 4; lastKnownFileType = sourcecode.swift; path = BaseViewController.swift; sourceTree = "<group>"; };
		AB8302861E42588C004C3552 /* AppDelegateTests.swift */ = {isa = PBXFileReference; fileEncoding = 4; lastKnownFileType = sourcecode.swift; path = AppDelegateTests.swift; sourceTree = "<group>"; };
		AB924BDF1E4B367B009781FF /* HomeViewControllerTests.swift */ = {isa = PBXFileReference; fileEncoding = 4; lastKnownFileType = sourcecode.swift; path = HomeViewControllerTests.swift; sourceTree = "<group>"; };
		AB924BE21E4B3A2F009781FF /* PeopleInteractor.swift */ = {isa = PBXFileReference; fileEncoding = 4; lastKnownFileType = sourcecode.swift; path = PeopleInteractor.swift; sourceTree = "<group>"; };
		AB924BE71E4B3C1E009781FF /* PersonTableViewCell.swift */ = {isa = PBXFileReference; fileEncoding = 4; lastKnownFileType = sourcecode.swift; path = PersonTableViewCell.swift; sourceTree = "<group>"; };
		AB924BE81E4B3C1E009781FF /* PersonTableViewCell.xib */ = {isa = PBXFileReference; fileEncoding = 4; lastKnownFileType = file.xib; path = PersonTableViewCell.xib; sourceTree = "<group>"; };
		ABA0DC481E53386B00557EB2 /* Home.storyboard */ = {isa = PBXFileReference; fileEncoding = 4; lastKnownFileType = file.storyboard; path = Home.storyboard; sourceTree = "<group>"; };
		ABB6C28E1E4DDD8E00AE19A1 /* UserInHome.swift */ = {isa = PBXFileReference; fileEncoding = 4; lastKnownFileType = sourcecode.swift; path = UserInHome.swift; sourceTree = "<group>"; };
		ABB6C2901E4DDDF400AE19A1 /* UserArrivedPersonDetail.swift */ = {isa = PBXFileReference; fileEncoding = 4; lastKnownFileType = sourcecode.swift; path = UserArrivedPersonDetail.swift; sourceTree = "<group>"; };
		ABB6C2911E4DDDF400AE19A1 /* UserTapPerson.swift */ = {isa = PBXFileReference; fileEncoding = 4; lastKnownFileType = sourcecode.swift; path = UserTapPerson.swift; sourceTree = "<group>"; };
		ABEDC4021E5B1DED00043E95 /* BaseLocalizableUI.swift */ = {isa = PBXFileReference; fileEncoding = 4; lastKnownFileType = sourcecode.swift; path = BaseLocalizableUI.swift; sourceTree = "<group>"; };
		ABFE4B291E4DBA660073BDDA /* NavigationManager.swift */ = {isa = PBXFileReference; fileEncoding = 4; lastKnownFileType = sourcecode.swift; path = NavigationManager.swift; sourceTree = "<group>"; };
		CEA8F4ACA7F1C77CF9E20101 /* Pods-NotAnotherStarWarsAppUITests.debug.xcconfig */ = {isa = PBXFileReference; includeInIndex = 1; lastKnownFileType = text.xcconfig; name = "Pods-NotAnotherStarWarsAppUITests.debug.xcconfig"; path = "Pods/Target Support Files/Pods-NotAnotherStarWarsAppUITests/Pods-NotAnotherStarWarsAppUITests.debug.xcconfig"; sourceTree = "<group>"; };
		D6931B2CA54C29897E8FEFF0 /* Pods-NotAnotherStarWarsAppTests.debug.xcconfig */ = {isa = PBXFileReference; includeInIndex = 1; lastKnownFileType = text.xcconfig; name = "Pods-NotAnotherStarWarsAppTests.debug.xcconfig"; path = "Pods/Target Support Files/Pods-NotAnotherStarWarsAppTests/Pods-NotAnotherStarWarsAppTests.debug.xcconfig"; sourceTree = "<group>"; };
		D84EE19978DCA2C23D05EC97 /* Pods-NotAnotherStarWarsApp.debug.xcconfig */ = {isa = PBXFileReference; includeInIndex = 1; lastKnownFileType = text.xcconfig; name = "Pods-NotAnotherStarWarsApp.debug.xcconfig"; path = "Pods/Target Support Files/Pods-NotAnotherStarWarsApp/Pods-NotAnotherStarWarsApp.debug.xcconfig"; sourceTree = "<group>"; };
		EC8A50E83CB87E27FB7FFDDD /* Pods-NotAnotherStarWarsAppUITests.release.xcconfig */ = {isa = PBXFileReference; includeInIndex = 1; lastKnownFileType = text.xcconfig; name = "Pods-NotAnotherStarWarsAppUITests.release.xcconfig"; path = "Pods/Target Support Files/Pods-NotAnotherStarWarsAppUITests/Pods-NotAnotherStarWarsAppUITests.release.xcconfig"; sourceTree = "<group>"; };
		EE19C7DF9E760A98D510F7A2 /* Pods-NotAnotherStarWarsApp.release.xcconfig */ = {isa = PBXFileReference; includeInIndex = 1; lastKnownFileType = text.xcconfig; name = "Pods-NotAnotherStarWarsApp.release.xcconfig"; path = "Pods/Target Support Files/Pods-NotAnotherStarWarsApp/Pods-NotAnotherStarWarsApp.release.xcconfig"; sourceTree = "<group>"; };
		F294A582C8A23108AC598E06 /* Pods_NotAnotherStarWarsAppUITests.framework */ = {isa = PBXFileReference; explicitFileType = wrapper.framework; includeInIndex = 0; path = Pods_NotAnotherStarWarsAppUITests.framework; sourceTree = BUILT_PRODUCTS_DIR; };
/* End PBXFileReference section */

/* Begin PBXFrameworksBuildPhase section */
		AB83022A1E424F89004C3552 /* Frameworks */ = {
			isa = PBXFrameworksBuildPhase;
			buildActionMask = 2147483647;
			files = (
				88B037DCACD656D3B1D967E6 /* Pods_NotAnotherStarWarsApp.framework in Frameworks */,
			);
			runOnlyForDeploymentPostprocessing = 0;
		};
		AB83023E1E424F89004C3552 /* Frameworks */ = {
			isa = PBXFrameworksBuildPhase;
			buildActionMask = 2147483647;
			files = (
				590BD9DCA48BE3D7E4D6099A /* Pods_NotAnotherStarWarsAppTests.framework in Frameworks */,
			);
			runOnlyForDeploymentPostprocessing = 0;
		};
		AB8302491E424F8A004C3552 /* Frameworks */ = {
			isa = PBXFrameworksBuildPhase;
			buildActionMask = 2147483647;
			files = (
				C42C5480159D2776C38E8291 /* Pods_NotAnotherStarWarsAppUITests.framework in Frameworks */,
			);
			runOnlyForDeploymentPostprocessing = 0;
		};
/* End PBXFrameworksBuildPhase section */

/* Begin PBXGroup section */
		1DF691F52F6D2EAEFD9EBB71 /* Pods */ = {
			isa = PBXGroup;
			children = (
				D84EE19978DCA2C23D05EC97 /* Pods-NotAnotherStarWarsApp.debug.xcconfig */,
				EE19C7DF9E760A98D510F7A2 /* Pods-NotAnotherStarWarsApp.release.xcconfig */,
				D6931B2CA54C29897E8FEFF0 /* Pods-NotAnotherStarWarsAppTests.debug.xcconfig */,
				6F94DB5382A67962563AFF39 /* Pods-NotAnotherStarWarsAppTests.release.xcconfig */,
				CEA8F4ACA7F1C77CF9E20101 /* Pods-NotAnotherStarWarsAppUITests.debug.xcconfig */,
				EC8A50E83CB87E27FB7FFDDD /* Pods-NotAnotherStarWarsAppUITests.release.xcconfig */,
			);
			name = Pods;
			sourceTree = "<group>";
		};
		5CACC682BA13FC383E5C31F8 /* Frameworks */ = {
			isa = PBXGroup;
			children = (
				A5DF6162A301B4D8FE8A2675 /* Pods_NotAnotherStarWarsApp.framework */,
				0C12672531E13BFE9E928C20 /* Pods_NotAnotherStarWarsAppTests.framework */,
				F294A582C8A23108AC598E06 /* Pods_NotAnotherStarWarsAppUITests.framework */,
			);
			name = Frameworks;
			sourceTree = "<group>";
		};
		AB2251161E4889F200EDA5D2 /* Common */ = {
			isa = PBXGroup;
			children = (
				AB469D521E68371E003856B3 /* JSONable */,
				AB2251171E4889F200EDA5D2 /* Transformable.swift */,
				AB469D501E6834FA003856B3 /* Convertible.swift */,
			);
			path = Common;
			sourceTree = "<group>";
		};
		AB22511B1E48A7C300EDA5D2 /* Common */ = {
			isa = PBXGroup;
			children = (
				AB22511C1E48A7DB00EDA5D2 /* DependencyProvider.swift */,
			);
			path = Common;
			sourceTree = "<group>";
		};
		AB443FF91E44953A00193697 /* Net */ = {
			isa = PBXGroup;
			children = (
				AB443FFA1E44953A00193697 /* Net.swift */,
				AB443FFB1E44953A00193697 /* NetAlamoFire */,
				AB443FFE1E44953A00193697 /* NetDirectory */,
				AB4440021E44953A00193697 /* NetError.swift */,
				AB4440031E44953A00193697 /* NetworkResponse.swift */,
				AB4440041E44953A00193697 /* Request.swift */,
			);
			path = Net;
			sourceTree = "<group>";
		};
		AB443FFB1E44953A00193697 /* NetAlamoFire */ = {
			isa = PBXGroup;
			children = (
				AB443FFC1E44953A00193697 /* AlamoFireAdapter.swift */,
				AB443FFD1E44953A00193697 /* NetAlamoFire.swift */,
			);
			path = NetAlamoFire;
			sourceTree = "<group>";
		};
		AB443FFE1E44953A00193697 /* NetDirectory */ = {
			isa = PBXGroup;
			children = (
				AB443FFF1E44953A00193697 /* Api.swift */,
				AB44400E1E4498F800193697 /* NetApi.swift */,
				AB4440001E44953A00193697 /* NetSupport.swift */,
				AB4440011E44953A00193697 /* RequestGenerator.swift */,
			);
			path = NetDirectory;
			sourceTree = "<group>";
		};
		AB4440101E449BA600193697 /* Core */ = {
			isa = PBXGroup;
			children = (
				AB2251161E4889F200EDA5D2 /* Common */,
				AB4440111E449BA600193697 /* People */,
			);
			path = Core;
			sourceTree = "<group>";
		};
		AB4440111E449BA600193697 /* People */ = {
			isa = PBXGroup;
			children = (
				AB4440121E449BA600193697 /* Contract */,
				AB4440151E449BA600193697 /* Implementation */,
			);
			path = People;
			sourceTree = "<group>";
		};
		AB4440121E449BA600193697 /* Contract */ = {
			isa = PBXGroup;
			children = (
				AB4440131E449BA600193697 /* PeopleProtocol.swift */,
				AB4440141E449BA600193697 /* PeopleError.swift */,
			);
			path = Contract;
			sourceTree = "<group>";
		};
		AB4440151E449BA600193697 /* Implementation */ = {
			isa = PBXGroup;
			children = (
				AB4440161E449BA600193697 /* Net */,
				AB44401A1E449BA600193697 /* PeopleEngine.swift */,
			);
			path = Implementation;
			sourceTree = "<group>";
		};
		AB4440161E449BA600193697 /* Net */ = {
			isa = PBXGroup;
			children = (
				AB4440251E449F4F00193697 /* Models */,
				AB4440171E449BA600193697 /* PeopleDataRecover.swift */,
				AB4440191E449BA600193697 /* PeopleParser.swift */,
			);
			path = Net;
			sourceTree = "<group>";
		};
		AB4440211E449BED00193697 /* Domain */ = {
			isa = PBXGroup;
			children = (
				AB4440221E449C2F00193697 /* People */,
			);
			path = Domain;
			sourceTree = "<group>";
		};
		AB4440221E449C2F00193697 /* People */ = {
			isa = PBXGroup;
			children = (
				AB4440231E449C2F00193697 /* People.swift */,
			);
			path = People;
			sourceTree = "<group>";
		};
		AB4440251E449F4F00193697 /* Models */ = {
			isa = PBXGroup;
			children = (
				AB469D5A1E684043003856B3 /* Transformers */,
				AB4440261E449F4F00193697 /* PagePeopleNet.swift */,
				AB4440271E449F4F00193697 /* PersonNet.swift */,
			);
			path = Models;
			sourceTree = "<group>";
		};
		AB469D521E68371E003856B3 /* JSONable */ = {
			isa = PBXGroup;
			children = (
				AB469D531E68371E003856B3 /* JSONable.swift */,
				AB469D541E68371E003856B3 /* JSONableObjectMapper.swift */,
			);
			path = JSONable;
			sourceTree = "<group>";
		};
		AB469D5A1E684043003856B3 /* Transformers */ = {
			isa = PBXGroup;
			children = (
				AB469D5B1E684043003856B3 /* PersonTransformer.swift */,
			);
			path = Transformers;
			sourceTree = "<group>";
		};
		AB482E7E1E43A34C0003E085 /* PeopleDetail */ = {
			isa = PBXGroup;
			children = (
				AB482E7F1E43A4010003E085 /* Controllers */,
				AB482E831E43A4010003E085 /* Presenters */,
				AB482E851E43A4010003E085 /* UI */,
			);
			path = PeopleDetail;
			sourceTree = "<group>";
		};
		AB482E7F1E43A4010003E085 /* Controllers */ = {
			isa = PBXGroup;
			children = (
				AB482E801E43A4010003E085 /* PeopleDetailViewController.swift */,
			);
			path = Controllers;
			sourceTree = "<group>";
		};
		AB482E831E43A4010003E085 /* Presenters */ = {
			isa = PBXGroup;
			children = (
				AB482E841E43A4010003E085 /* PeopleDetailPresenter.swift */,
			);
			path = Presenters;
			sourceTree = "<group>";
		};
		AB482E851E43A4010003E085 /* UI */ = {
			isa = PBXGroup;
			children = (
				AB482E861E43A4010003E085 /* People.storyboard */,
			);
			path = UI;
			sourceTree = "<group>";
		};
		AB4837A21E5AF5CF00F54446 /* Home */ = {
			isa = PBXGroup;
			children = (
				AB4837A31E5AF67D00F54446 /* HomeScreen.swift */,
			);
			path = Home;
			sourceTree = "<group>";
		};
		AB4837A51E5AF9B000F54446 /* DetailPerson */ = {
			isa = PBXGroup;
			children = (
				AB4837A61E5AF9C500F54446 /* DetailPersonScreen.swift */,
			);
			path = DetailPerson;
			sourceTree = "<group>";
		};
		AB7F581A1E4DC7DE00144DD6 /* Localizable */ = {
			isa = PBXGroup;
			children = (
				AB7F581F1E4DC7F900144DD6 /* Localizable.strings */,
				AB7F58231E4DCB7300144DD6 /* BaseLocalizable.swift */,
				AB7F58211E4DC8DA00144DD6 /* HomeLocalizable.swift */,
				AB4837A81E5B0A5900F54446 /* PeopleDetailLocalizable.swift */,
			);
			name = Localizable;
			path = Localized;
			sourceTree = "<group>";
		};
		AB7F58251E4DD86600144DD6 /* Steps */ = {
			isa = PBXGroup;
			children = (
				ABB6C28D1E4DDD6100AE19A1 /* PersonDetail */,
			);
			path = Steps;
			sourceTree = "<group>";
		};
		AB7F58261E4DD86600144DD6 /* PageObjects */ = {
			isa = PBXGroup;
			children = (
				AB4837A21E5AF5CF00F54446 /* Home */,
				AB4837A51E5AF9B000F54446 /* DetailPerson */,
			);
			path = PageObjects;
			sourceTree = "<group>";
		};
		AB7F58271E4DD86600144DD6 /* NativeTestCase */ = {
			isa = PBXGroup;
			children = (
				AB7F582A1E4DD92B00144DD6 /* XC_001_PersonDetail.swift */,
			);
			path = NativeTestCase;
			sourceTree = "<group>";
		};
		AB8302241E424F89004C3552 = {
			isa = PBXGroup;
			children = (
				AB83022F1E424F89004C3552 /* NotAnotherStarWarsApp */,
				AB8302441E424F89004C3552 /* NotAnotherStarWarsAppTests */,
				AB83024F1E424F8A004C3552 /* NotAnotherStarWarsAppUITests */,
				AB83022E1E424F89004C3552 /* Products */,
				1DF691F52F6D2EAEFD9EBB71 /* Pods */,
				5CACC682BA13FC383E5C31F8 /* Frameworks */,
			);
			sourceTree = "<group>";
		};
		AB83022E1E424F89004C3552 /* Products */ = {
			isa = PBXGroup;
			children = (
				AB83022D1E424F89004C3552 /* NotAnotherStarWarsApp.app */,
				AB8302411E424F89004C3552 /* NotAnotherStarWarsAppTests.xctest */,
				AB83024C1E424F8A004C3552 /* NotAnotherStarWarsAppUITests.xctest */,
			);
			name = Products;
			sourceTree = "<group>";
		};
		AB83022F1E424F89004C3552 /* NotAnotherStarWarsApp */ = {
			isa = PBXGroup;
			children = (
				AB7F581A1E4DC7DE00144DD6 /* Localizable */,
				AB8302601E425116004C3552 /* Source */,
				AB83025E1E425116004C3552 /* Resources */,
				AB8302651E425116004C3552 /* Support */,
				AB8302681E425116004C3552 /* UI */,
			);
			path = NotAnotherStarWarsApp;
			sourceTree = "<group>";
		};
		AB8302441E424F89004C3552 /* NotAnotherStarWarsAppTests */ = {
			isa = PBXGroup;
			children = (
				AB8302861E42588C004C3552 /* AppDelegateTests.swift */,
				AB8302811E425436004C3552 /* AppManagerTests.swift */,
				AB924BDF1E4B367B009781FF /* HomeViewControllerTests.swift */,
				AB8302471E424F89004C3552 /* Info.plist */,
			);
			path = NotAnotherStarWarsAppTests;
			sourceTree = "<group>";
		};
		AB83024F1E424F8A004C3552 /* NotAnotherStarWarsAppUITests */ = {
			isa = PBXGroup;
			children = (
				ABE809551E5B1A8700E8DA03 /* Localizable */,
				AB7F58271E4DD86600144DD6 /* NativeTestCase */,
				AB7F58261E4DD86600144DD6 /* PageObjects */,
				AB7F58251E4DD86600144DD6 /* Steps */,
				AB7F58281E4DD87F00144DD6 /* Features */,
				AB8302521E424F8A004C3552 /* Info.plist */,
			);
			path = NotAnotherStarWarsAppUITests;
			sourceTree = "<group>";
		};
		AB83025E1E425116004C3552 /* Resources */ = {
			isa = PBXGroup;
			children = (
				AB83025F1E425116004C3552 /* Assets.xcassets */,
			);
			path = Resources;
			sourceTree = "<group>";
		};
		AB8302601E425116004C3552 /* Source */ = {
			isa = PBXGroup;
			children = (
				AB22511B1E48A7C300EDA5D2 /* Common */,
				AB4440101E449BA600193697 /* Core */,
				AB4440211E449BED00193697 /* Domain */,
				AB443FF91E44953A00193697 /* Net */,
				AB8302611E425116004C3552 /* Managers */,
				AB8302621E425116004C3552 /* VPI */,
			);
			path = Source;
			sourceTree = "<group>";
		};
		AB8302611E425116004C3552 /* Managers */ = {
			isa = PBXGroup;
			children = (
				ABFE4B291E4DBA660073BDDA /* NavigationManager.swift */,
				AB83027F1E4252F2004C3552 /* AppManager.swift */,
			);
			path = Managers;
			sourceTree = "<group>";
		};
		AB8302621E425116004C3552 /* VPI */ = {
			isa = PBXGroup;
			children = (
				AB924BE41E4B3C00009781FF /* Views */,
				AB924BE11E4B3A2F009781FF /* Interactors */,
				AB8302631E425116004C3552 /* Base */,
				AB8302641E425116004C3552 /* Home */,
				AB482E7E1E43A34C0003E085 /* PeopleDetail */,
			);
			path = VPI;
			sourceTree = "<group>";
		};
		AB8302631E425116004C3552 /* Base */ = {
			isa = PBXGroup;
			children = (
				AB8302831E4257AD004C3552 /* Controllers */,
			);
			path = Base;
			sourceTree = "<group>";
		};
		AB8302641E425116004C3552 /* Home */ = {
			isa = PBXGroup;
			children = (
				AB8302731E42525E004C3552 /* Controllers */,
				AB8302761E42525E004C3552 /* Presenters */,
				AB8302771E42525E004C3552 /* UI */,
			);
			path = Home;
			sourceTree = "<group>";
		};
		AB8302651E425116004C3552 /* Support */ = {
			isa = PBXGroup;
			children = (
				AB8302661E425116004C3552 /* AppDelegate.swift */,
				AB8302671E425116004C3552 /* Info.plist */,
			);
			path = Support;
			sourceTree = "<group>";
		};
		AB8302681E425116004C3552 /* UI */ = {
			isa = PBXGroup;
			children = (
				AB8302691E425116004C3552 /* LaunchScreen.storyboard */,
			);
			path = UI;
			sourceTree = "<group>";
		};
		AB8302731E42525E004C3552 /* Controllers */ = {
			isa = PBXGroup;
			children = (
				AB8302741E42525E004C3552 /* HomeViewController.swift */,
			);
			path = Controllers;
			sourceTree = "<group>";
		};
		AB8302761E42525E004C3552 /* Presenters */ = {
			isa = PBXGroup;
			children = (
				AB83027B1E42528D004C3552 /* HomePresenter.swift */,
			);
			path = Presenters;
			sourceTree = "<group>";
		};
		AB8302771E42525E004C3552 /* UI */ = {
			isa = PBXGroup;
			children = (
				ABA0DC481E53386B00557EB2 /* Home.storyboard */,
			);
			path = UI;
			sourceTree = "<group>";
		};
		AB8302831E4257AD004C3552 /* Controllers */ = {
			isa = PBXGroup;
			children = (
				AB8302841E4257BA004C3552 /* BaseViewController.swift */,
			);
			path = Controllers;
			sourceTree = "<group>";
		};
		AB924BE11E4B3A2F009781FF /* Interactors */ = {
			isa = PBXGroup;
			children = (
				AB924BE21E4B3A2F009781FF /* PeopleInteractor.swift */,
			);
			path = Interactors;
			sourceTree = "<group>";
		};
		AB924BE41E4B3C00009781FF /* Views */ = {
			isa = PBXGroup;
			children = (
				AB924BE51E4B3C00009781FF /* TableViewCells */,
			);
			path = Views;
			sourceTree = "<group>";
		};
		AB924BE51E4B3C00009781FF /* TableViewCells */ = {
			isa = PBXGroup;
			children = (
				AB924BE61E4B3C00009781FF /* People */,
			);
			path = TableViewCells;
			sourceTree = "<group>";
		};
		AB924BE61E4B3C00009781FF /* People */ = {
			isa = PBXGroup;
			children = (
				AB924BE71E4B3C1E009781FF /* PersonTableViewCell.swift */,
				AB924BE81E4B3C1E009781FF /* PersonTableViewCell.xib */,
			);
			path = People;
			sourceTree = "<group>";
		};
		ABB6C28D1E4DDD6100AE19A1 /* PersonDetail */ = {
			isa = PBXGroup;
			children = (
				ABB6C28E1E4DDD8E00AE19A1 /* UserInHome.swift */,
				ABB6C2911E4DDDF400AE19A1 /* UserTapPerson.swift */,
				ABB6C2901E4DDDF400AE19A1 /* UserArrivedPersonDetail.swift */,
			);
			path = PersonDetail;
			sourceTree = "<group>";
		};
		ABE809551E5B1A8700E8DA03 /* Localizable */ = {
			isa = PBXGroup;
			children = (
				ABEDC4021E5B1DED00043E95 /* BaseLocalizableUI.swift */,
			);
			path = Localizable;
			sourceTree = "<group>";
		};
/* End PBXGroup section */

/* Begin PBXNativeTarget section */
		AB83022C1E424F89004C3552 /* NotAnotherStarWarsApp */ = {
			isa = PBXNativeTarget;
			buildConfigurationList = AB8302551E424F8A004C3552 /* Build configuration list for PBXNativeTarget "NotAnotherStarWarsApp" */;
			buildPhases = (
				B1DB63697670FE209B1AB4CF /* [CP] Check Pods Manifest.lock */,
				AB8302291E424F89004C3552 /* Sources */,
				AB83022A1E424F89004C3552 /* Frameworks */,
				AB83022B1E424F89004C3552 /* Resources */,
				341F8777AA774B97B95D49CC /* [CP] Embed Pods Frameworks */,
				13D30B30A72BE74818677607 /* [CP] Copy Pods Resources */,
				AB8041861E66C33F007E0C06 /* ShellScript */,
			);
			buildRules = (
			);
			dependencies = (
			);
			name = NotAnotherStarWarsApp;
			productName = NotAnotherStarWarsApp;
			productReference = AB83022D1E424F89004C3552 /* NotAnotherStarWarsApp.app */;
			productType = "com.apple.product-type.application";
		};
		AB8302401E424F89004C3552 /* NotAnotherStarWarsAppTests */ = {
			isa = PBXNativeTarget;
			buildConfigurationList = AB8302581E424F8A004C3552 /* Build configuration list for PBXNativeTarget "NotAnotherStarWarsAppTests" */;
			buildPhases = (
				2471CB35853E2B580AB306B5 /* [CP] Check Pods Manifest.lock */,
				AB83023D1E424F89004C3552 /* Sources */,
				AB83023E1E424F89004C3552 /* Frameworks */,
				AB83023F1E424F89004C3552 /* Resources */,
				3B8B974A5890D08BD555A3E3 /* [CP] Embed Pods Frameworks */,
				EF82F0EE7CF1C24FD9E4A59D /* [CP] Copy Pods Resources */,
			);
			buildRules = (
			);
			dependencies = (
				AB8302431E424F89004C3552 /* PBXTargetDependency */,
			);
			name = NotAnotherStarWarsAppTests;
			productName = NotAnotherStarWarsAppTests;
			productReference = AB8302411E424F89004C3552 /* NotAnotherStarWarsAppTests.xctest */;
			productType = "com.apple.product-type.bundle.unit-test";
		};
		AB83024B1E424F8A004C3552 /* NotAnotherStarWarsAppUITests */ = {
			isa = PBXNativeTarget;
			buildConfigurationList = AB83025B1E424F8A004C3552 /* Build configuration list for PBXNativeTarget "NotAnotherStarWarsAppUITests" */;
			buildPhases = (
				B03D0619FE2B341F83DC759B /* [CP] Check Pods Manifest.lock */,
				AB8302481E424F8A004C3552 /* Sources */,
				AB8302491E424F8A004C3552 /* Frameworks */,
				AB83024A1E424F8A004C3552 /* Resources */,
				C8E7BC996CDABF2F77761FC7 /* [CP] Embed Pods Frameworks */,
				2BD24308501B6ECC50C5A070 /* [CP] Copy Pods Resources */,
			);
			buildRules = (
			);
			dependencies = (
				AB83024E1E424F8A004C3552 /* PBXTargetDependency */,
			);
			name = NotAnotherStarWarsAppUITests;
			productName = NotAnotherStarWarsAppUITests;
			productReference = AB83024C1E424F8A004C3552 /* NotAnotherStarWarsAppUITests.xctest */;
			productType = "com.apple.product-type.bundle.ui-testing";
		};
/* End PBXNativeTarget section */

/* Begin PBXProject section */
		AB8302251E424F89004C3552 /* Project object */ = {
			isa = PBXProject;
			attributes = {
				LastSwiftUpdateCheck = 0820;
				LastUpgradeCheck = 0820;
				ORGANIZATIONNAME = RocketSolutions;
				TargetAttributes = {
					AB83022C1E424F89004C3552 = {
						CreatedOnToolsVersion = 8.2.1;
						DevelopmentTeam = 8CH5HQ4HDY;
						ProvisioningStyle = Automatic;
					};
					AB8302401E424F89004C3552 = {
						CreatedOnToolsVersion = 8.2.1;
						DevelopmentTeam = 8CH5HQ4HDY;
						LastSwiftMigration = 0820;
						ProvisioningStyle = Automatic;
						TestTargetID = AB83022C1E424F89004C3552;
					};
					AB83024B1E424F8A004C3552 = {
						CreatedOnToolsVersion = 8.2.1;
						DevelopmentTeam = 8CH5HQ4HDY;
						LastSwiftMigration = 0820;
						ProvisioningStyle = Automatic;
						TestTargetID = AB83022C1E424F89004C3552;
					};
				};
			};
			buildConfigurationList = AB8302281E424F89004C3552 /* Build configuration list for PBXProject "NotAnotherStarWarsApp" */;
			compatibilityVersion = "Xcode 3.2";
			developmentRegion = English;
			hasScannedForEncodings = 0;
			knownRegions = (
				en,
				Base,
				es,
			);
			mainGroup = AB8302241E424F89004C3552;
			productRefGroup = AB83022E1E424F89004C3552 /* Products */;
			projectDirPath = "";
			projectRoot = "";
			targets = (
				AB83022C1E424F89004C3552 /* NotAnotherStarWarsApp */,
				AB8302401E424F89004C3552 /* NotAnotherStarWarsAppTests */,
				AB83024B1E424F8A004C3552 /* NotAnotherStarWarsAppUITests */,
			);
		};
/* End PBXProject section */

/* Begin PBXResourcesBuildPhase section */
		AB83022B1E424F89004C3552 /* Resources */ = {
			isa = PBXResourcesBuildPhase;
			buildActionMask = 2147483647;
			files = (
				AB83026E1E425116004C3552 /* LaunchScreen.storyboard in Resources */,
				AB7F581D1E4DC7F900144DD6 /* Localizable.strings in Resources */,
				AB482E8A1E43A4010003E085 /* People.storyboard in Resources */,
				ABA0DC491E53386B00557EB2 /* Home.storyboard in Resources */,
				AB83026B1E425116004C3552 /* Assets.xcassets in Resources */,
				AB924BEA1E4B3C1E009781FF /* PersonTableViewCell.xib in Resources */,
			);
			runOnlyForDeploymentPostprocessing = 0;
		};
		AB83023F1E424F89004C3552 /* Resources */ = {
			isa = PBXResourcesBuildPhase;
			buildActionMask = 2147483647;
			files = (
			);
			runOnlyForDeploymentPostprocessing = 0;
		};
		AB83024A1E424F8A004C3552 /* Resources */ = {
			isa = PBXResourcesBuildPhase;
			buildActionMask = 2147483647;
			files = (
				AB7F58291E4DD87F00144DD6 /* Features in Resources */,
				AB4837C11E5B106B00F54446 /* Localizable.strings in Resources */,
			);
			runOnlyForDeploymentPostprocessing = 0;
		};
/* End PBXResourcesBuildPhase section */

/* Begin PBXShellScriptBuildPhase section */
		13D30B30A72BE74818677607 /* [CP] Copy Pods Resources */ = {
			isa = PBXShellScriptBuildPhase;
			buildActionMask = 2147483647;
			files = (
			);
			inputPaths = (
			);
			name = "[CP] Copy Pods Resources";
			outputPaths = (
			);
			runOnlyForDeploymentPostprocessing = 0;
			shellPath = /bin/sh;
			shellScript = "\"${SRCROOT}/Pods/Target Support Files/Pods-NotAnotherStarWarsApp/Pods-NotAnotherStarWarsApp-resources.sh\"\n";
			showEnvVarsInLog = 0;
		};
		2471CB35853E2B580AB306B5 /* [CP] Check Pods Manifest.lock */ = {
			isa = PBXShellScriptBuildPhase;
			buildActionMask = 2147483647;
			files = (
			);
			inputPaths = (
			);
			name = "[CP] Check Pods Manifest.lock";
			outputPaths = (
			);
			runOnlyForDeploymentPostprocessing = 0;
			shellPath = /bin/sh;
			shellScript = "diff \"${PODS_ROOT}/../Podfile.lock\" \"${PODS_ROOT}/Manifest.lock\" > /dev/null\nif [ $? != 0 ] ; then\n    # print error to STDERR\n    echo \"error: The sandbox is not in sync with the Podfile.lock. Run 'pod install' or update your CocoaPods installation.\" >&2\n    exit 1\nfi\n";
			showEnvVarsInLog = 0;
		};
		2BD24308501B6ECC50C5A070 /* [CP] Copy Pods Resources */ = {
			isa = PBXShellScriptBuildPhase;
			buildActionMask = 2147483647;
			files = (
			);
			inputPaths = (
			);
			name = "[CP] Copy Pods Resources";
			outputPaths = (
			);
			runOnlyForDeploymentPostprocessing = 0;
			shellPath = /bin/sh;
			shellScript = "\"${SRCROOT}/Pods/Target Support Files/Pods-NotAnotherStarWarsAppUITests/Pods-NotAnotherStarWarsAppUITests-resources.sh\"\n";
			showEnvVarsInLog = 0;
		};
		341F8777AA774B97B95D49CC /* [CP] Embed Pods Frameworks */ = {
			isa = PBXShellScriptBuildPhase;
			buildActionMask = 2147483647;
			files = (
			);
			inputPaths = (
			);
			name = "[CP] Embed Pods Frameworks";
			outputPaths = (
			);
			runOnlyForDeploymentPostprocessing = 0;
			shellPath = /bin/sh;
			shellScript = "\"${SRCROOT}/Pods/Target Support Files/Pods-NotAnotherStarWarsApp/Pods-NotAnotherStarWarsApp-frameworks.sh\"\n";
			showEnvVarsInLog = 0;
		};
		3B8B974A5890D08BD555A3E3 /* [CP] Embed Pods Frameworks */ = {
			isa = PBXShellScriptBuildPhase;
			buildActionMask = 2147483647;
			files = (
			);
			inputPaths = (
			);
			name = "[CP] Embed Pods Frameworks";
			outputPaths = (
			);
			runOnlyForDeploymentPostprocessing = 0;
			shellPath = /bin/sh;
			shellScript = "\"${SRCROOT}/Pods/Target Support Files/Pods-NotAnotherStarWarsAppTests/Pods-NotAnotherStarWarsAppTests-frameworks.sh\"\n";
			showEnvVarsInLog = 0;
		};
		AB8041861E66C33F007E0C06 /* ShellScript */ = {
			isa = PBXShellScriptBuildPhase;
			buildActionMask = 2147483647;
			files = (
			);
			inputPaths = (
			);
			outputPaths = (
			);
			runOnlyForDeploymentPostprocessing = 0;
			shellPath = /bin/sh;
			shellScript = "\"${PODS_ROOT}/Fabric/run\" b64c85be4a394fedbadc9d668edfe201ae61a563 01a308889c79c91cd4fc4df8d98ae7f5a2bb1c7a5dd0b590a45a3354ce876fa4";
		};
		B03D0619FE2B341F83DC759B /* [CP] Check Pods Manifest.lock */ = {
			isa = PBXShellScriptBuildPhase;
			buildActionMask = 2147483647;
			files = (
			);
			inputPaths = (
			);
			name = "[CP] Check Pods Manifest.lock";
			outputPaths = (
			);
			runOnlyForDeploymentPostprocessing = 0;
			shellPath = /bin/sh;
			shellScript = "diff \"${PODS_ROOT}/../Podfile.lock\" \"${PODS_ROOT}/Manifest.lock\" > /dev/null\nif [ $? != 0 ] ; then\n    # print error to STDERR\n    echo \"error: The sandbox is not in sync with the Podfile.lock. Run 'pod install' or update your CocoaPods installation.\" >&2\n    exit 1\nfi\n";
			showEnvVarsInLog = 0;
		};
		B1DB63697670FE209B1AB4CF /* [CP] Check Pods Manifest.lock */ = {
			isa = PBXShellScriptBuildPhase;
			buildActionMask = 2147483647;
			files = (
			);
			inputPaths = (
			);
			name = "[CP] Check Pods Manifest.lock";
			outputPaths = (
			);
			runOnlyForDeploymentPostprocessing = 0;
			shellPath = /bin/sh;
			shellScript = "diff \"${PODS_ROOT}/../Podfile.lock\" \"${PODS_ROOT}/Manifest.lock\" > /dev/null\nif [ $? != 0 ] ; then\n    # print error to STDERR\n    echo \"error: The sandbox is not in sync with the Podfile.lock. Run 'pod install' or update your CocoaPods installation.\" >&2\n    exit 1\nfi\n";
			showEnvVarsInLog = 0;
		};
		C8E7BC996CDABF2F77761FC7 /* [CP] Embed Pods Frameworks */ = {
			isa = PBXShellScriptBuildPhase;
			buildActionMask = 2147483647;
			files = (
			);
			inputPaths = (
			);
			name = "[CP] Embed Pods Frameworks";
			outputPaths = (
			);
			runOnlyForDeploymentPostprocessing = 0;
			shellPath = /bin/sh;
			shellScript = "\"${SRCROOT}/Pods/Target Support Files/Pods-NotAnotherStarWarsAppUITests/Pods-NotAnotherStarWarsAppUITests-frameworks.sh\"\n";
			showEnvVarsInLog = 0;
		};
		EF82F0EE7CF1C24FD9E4A59D /* [CP] Copy Pods Resources */ = {
			isa = PBXShellScriptBuildPhase;
			buildActionMask = 2147483647;
			files = (
			);
			inputPaths = (
			);
			name = "[CP] Copy Pods Resources";
			outputPaths = (
			);
			runOnlyForDeploymentPostprocessing = 0;
			shellPath = /bin/sh;
			shellScript = "\"${SRCROOT}/Pods/Target Support Files/Pods-NotAnotherStarWarsAppTests/Pods-NotAnotherStarWarsAppTests-resources.sh\"\n";
			showEnvVarsInLog = 0;
		};
/* End PBXShellScriptBuildPhase section */

/* Begin PBXSourcesBuildPhase section */
		AB8302291E424F89004C3552 /* Sources */ = {
			isa = PBXSourcesBuildPhase;
			buildActionMask = 2147483647;
			files = (
				AB482E891E43A4010003E085 /* PeopleDetailPresenter.swift in Sources */,
				AB4440091E44953A00193697 /* NetSupport.swift in Sources */,
				AB4440061E44953A00193697 /* AlamoFireAdapter.swift in Sources */,
				AB4440051E44953A00193697 /* Net.swift in Sources */,
				AB44401B1E449BA600193697 /* PeopleProtocol.swift in Sources */,
				AB83027C1E42528D004C3552 /* HomePresenter.swift in Sources */,
				AB4440071E44953A00193697 /* NetAlamoFire.swift in Sources */,
				AB469D511E6834FA003856B3 /* Convertible.swift in Sources */,
				AB44400F1E4498F800193697 /* NetApi.swift in Sources */,
				AB2251181E4889F200EDA5D2 /* Transformable.swift in Sources */,
				ABFE4B2A1E4DBA660073BDDA /* NavigationManager.swift in Sources */,
				AB8302801E4252F2004C3552 /* AppManager.swift in Sources */,
				AB44400D1E44953A00193697 /* Request.swift in Sources */,
				AB4440081E44953A00193697 /* Api.swift in Sources */,
				AB4440241E449C2F00193697 /* People.swift in Sources */,
				AB469D561E68371E003856B3 /* JSONableObjectMapper.swift in Sources */,
				AB7F58221E4DC8DA00144DD6 /* HomeLocalizable.swift in Sources */,
				AB44401D1E449BA600193697 /* PeopleDataRecover.swift in Sources */,
				AB469D551E68371E003856B3 /* JSONable.swift in Sources */,
				AB22511D1E48A7DB00EDA5D2 /* DependencyProvider.swift in Sources */,
				AB44400A1E44953A00193697 /* RequestGenerator.swift in Sources */,
				AB4440281E449F4F00193697 /* PagePeopleNet.swift in Sources */,
				AB924BE31E4B3A2F009781FF /* PeopleInteractor.swift in Sources */,
				AB4837A91E5B0A5900F54446 /* PeopleDetailLocalizable.swift in Sources */,
				AB44401F1E449BA600193697 /* PeopleParser.swift in Sources */,
				AB4440201E449BA600193697 /* PeopleEngine.swift in Sources */,
				AB44400B1E44953A00193697 /* NetError.swift in Sources */,
				AB83026C1E425116004C3552 /* AppDelegate.swift in Sources */,
				AB44401C1E449BA600193697 /* PeopleError.swift in Sources */,
				AB4837CA1E5B153B00F54446 /* BaseLocalizable.swift in Sources */,
				AB44400C1E44953A00193697 /* NetworkResponse.swift in Sources */,
				AB8302791E42525E004C3552 /* HomeViewController.swift in Sources */,
				AB469D5C1E684043003856B3 /* PersonTransformer.swift in Sources */,
				AB924BE91E4B3C1E009781FF /* PersonTableViewCell.swift in Sources */,
				AB482E871E43A4010003E085 /* PeopleDetailViewController.swift in Sources */,
				AB8302851E4257BA004C3552 /* BaseViewController.swift in Sources */,
				AB4440291E449F4F00193697 /* PersonNet.swift in Sources */,
			);
			runOnlyForDeploymentPostprocessing = 0;
		};
		AB83023D1E424F89004C3552 /* Sources */ = {
			isa = PBXSourcesBuildPhase;
			buildActionMask = 2147483647;
			files = (
				AB8302871E42588C004C3552 /* AppDelegateTests.swift in Sources */,
				AB924BE01E4B367B009781FF /* HomeViewControllerTests.swift in Sources */,
				AB8302821E425436004C3552 /* AppManagerTests.swift in Sources */,
			);
			runOnlyForDeploymentPostprocessing = 0;
		};
		AB8302481E424F8A004C3552 /* Sources */ = {
			isa = PBXSourcesBuildPhase;
			buildActionMask = 2147483647;
			files = (
				ABB6C28F1E4DDD8E00AE19A1 /* UserInHome.swift in Sources */,
				AB4837A41E5AF67D00F54446 /* HomeScreen.swift in Sources */,
				AB4837BE1E5B102B00F54446 /* HomeLocalizable.swift in Sources */,
				AB4837A71E5AF9C500F54446 /* DetailPersonScreen.swift in Sources */,
				ABEDC4031E5B1DEE00043E95 /* BaseLocalizableUI.swift in Sources */,
				AB4837BC1E5B101900F54446 /* PeopleDetailLocalizable.swift in Sources */,
				ABB6C2931E4DDDF400AE19A1 /* UserTapPerson.swift in Sources */,
				ABB6C2921E4DDDF400AE19A1 /* UserArrivedPersonDetail.swift in Sources */,
				AB7F582B1E4DD92B00144DD6 /* XC_001_PersonDetail.swift in Sources */,
			);
			runOnlyForDeploymentPostprocessing = 0;
		};
/* End PBXSourcesBuildPhase section */

/* Begin PBXTargetDependency section */
		AB8302431E424F89004C3552 /* PBXTargetDependency */ = {
			isa = PBXTargetDependency;
			target = AB83022C1E424F89004C3552 /* NotAnotherStarWarsApp */;
			targetProxy = AB8302421E424F89004C3552 /* PBXContainerItemProxy */;
		};
		AB83024E1E424F8A004C3552 /* PBXTargetDependency */ = {
			isa = PBXTargetDependency;
			target = AB83022C1E424F89004C3552 /* NotAnotherStarWarsApp */;
			targetProxy = AB83024D1E424F8A004C3552 /* PBXContainerItemProxy */;
		};
/* End PBXTargetDependency section */

/* Begin PBXVariantGroup section */
		AB7F581F1E4DC7F900144DD6 /* Localizable.strings */ = {
			isa = PBXVariantGroup;
			children = (
				AB7F581E1E4DC7F900144DD6 /* en */,
				AB7F58201E4DC80E00144DD6 /* es */,
			);
			name = Localizable.strings;
			sourceTree = "<group>";
		};
		AB8302691E425116004C3552 /* LaunchScreen.storyboard */ = {
			isa = PBXVariantGroup;
			children = (
				AB83026A1E425116004C3552 /* Base */,
			);
			name = LaunchScreen.storyboard;
			sourceTree = "<group>";
		};
/* End PBXVariantGroup section */

/* Begin XCBuildConfiguration section */
		AB8302531E424F8A004C3552 /* Debug */ = {
			isa = XCBuildConfiguration;
			buildSettings = {
				ALWAYS_SEARCH_USER_PATHS = NO;
				CLANG_ANALYZER_LOCALIZABILITY_NONLOCALIZED = YES;
				CLANG_ANALYZER_NONNULL = YES;
				CLANG_CXX_LANGUAGE_STANDARD = "gnu++0x";
				CLANG_CXX_LIBRARY = "libc++";
				CLANG_ENABLE_MODULES = YES;
				CLANG_ENABLE_OBJC_ARC = YES;
				CLANG_WARN_BOOL_CONVERSION = YES;
				CLANG_WARN_CONSTANT_CONVERSION = YES;
				CLANG_WARN_DIRECT_OBJC_ISA_USAGE = YES_ERROR;
				CLANG_WARN_DOCUMENTATION_COMMENTS = YES;
				CLANG_WARN_EMPTY_BODY = YES;
				CLANG_WARN_ENUM_CONVERSION = YES;
				CLANG_WARN_INFINITE_RECURSION = YES;
				CLANG_WARN_INT_CONVERSION = YES;
				CLANG_WARN_OBJC_ROOT_CLASS = YES_ERROR;
				CLANG_WARN_SUSPICIOUS_MOVE = YES;
				CLANG_WARN_UNREACHABLE_CODE = YES;
				CLANG_WARN__DUPLICATE_METHOD_MATCH = YES;
				"CODE_SIGN_IDENTITY[sdk=iphoneos*]" = "iPhone Developer";
				COPY_PHASE_STRIP = NO;
				DEBUG_INFORMATION_FORMAT = dwarf;
				ENABLE_STRICT_OBJC_MSGSEND = YES;
				ENABLE_TESTABILITY = YES;
				GCC_C_LANGUAGE_STANDARD = gnu99;
				GCC_DYNAMIC_NO_PIC = NO;
				GCC_NO_COMMON_BLOCKS = YES;
				GCC_OPTIMIZATION_LEVEL = 0;
				GCC_PREPROCESSOR_DEFINITIONS = (
					"DEBUG=1",
					"$(inherited)",
				);
				GCC_WARN_64_TO_32_BIT_CONVERSION = YES;
				GCC_WARN_ABOUT_RETURN_TYPE = YES_ERROR;
				GCC_WARN_UNDECLARED_SELECTOR = YES;
				GCC_WARN_UNINITIALIZED_AUTOS = YES_AGGRESSIVE;
				GCC_WARN_UNUSED_FUNCTION = YES;
				GCC_WARN_UNUSED_VARIABLE = YES;
				IPHONEOS_DEPLOYMENT_TARGET = 10.2;
				MTL_ENABLE_DEBUG_INFO = YES;
				ONLY_ACTIVE_ARCH = YES;
				SDKROOT = iphoneos;
				SWIFT_ACTIVE_COMPILATION_CONDITIONS = DEBUG;
				SWIFT_OPTIMIZATION_LEVEL = "-Onone";
				TARGETED_DEVICE_FAMILY = "1,2";
			};
			name = Debug;
		};
		AB8302541E424F8A004C3552 /* Release */ = {
			isa = XCBuildConfiguration;
			buildSettings = {
				ALWAYS_SEARCH_USER_PATHS = NO;
				CLANG_ANALYZER_LOCALIZABILITY_NONLOCALIZED = YES;
				CLANG_ANALYZER_NONNULL = YES;
				CLANG_CXX_LANGUAGE_STANDARD = "gnu++0x";
				CLANG_CXX_LIBRARY = "libc++";
				CLANG_ENABLE_MODULES = YES;
				CLANG_ENABLE_OBJC_ARC = YES;
				CLANG_WARN_BOOL_CONVERSION = YES;
				CLANG_WARN_CONSTANT_CONVERSION = YES;
				CLANG_WARN_DIRECT_OBJC_ISA_USAGE = YES_ERROR;
				CLANG_WARN_DOCUMENTATION_COMMENTS = YES;
				CLANG_WARN_EMPTY_BODY = YES;
				CLANG_WARN_ENUM_CONVERSION = YES;
				CLANG_WARN_INFINITE_RECURSION = YES;
				CLANG_WARN_INT_CONVERSION = YES;
				CLANG_WARN_OBJC_ROOT_CLASS = YES_ERROR;
				CLANG_WARN_SUSPICIOUS_MOVE = YES;
				CLANG_WARN_UNREACHABLE_CODE = YES;
				CLANG_WARN__DUPLICATE_METHOD_MATCH = YES;
				"CODE_SIGN_IDENTITY[sdk=iphoneos*]" = "iPhone Developer";
				COPY_PHASE_STRIP = NO;
				DEBUG_INFORMATION_FORMAT = "dwarf-with-dsym";
				ENABLE_NS_ASSERTIONS = NO;
				ENABLE_STRICT_OBJC_MSGSEND = YES;
				GCC_C_LANGUAGE_STANDARD = gnu99;
				GCC_NO_COMMON_BLOCKS = YES;
				GCC_WARN_64_TO_32_BIT_CONVERSION = YES;
				GCC_WARN_ABOUT_RETURN_TYPE = YES_ERROR;
				GCC_WARN_UNDECLARED_SELECTOR = YES;
				GCC_WARN_UNINITIALIZED_AUTOS = YES_AGGRESSIVE;
				GCC_WARN_UNUSED_FUNCTION = YES;
				GCC_WARN_UNUSED_VARIABLE = YES;
				IPHONEOS_DEPLOYMENT_TARGET = 10.2;
				MTL_ENABLE_DEBUG_INFO = NO;
				SDKROOT = iphoneos;
				SWIFT_OPTIMIZATION_LEVEL = "-Owholemodule";
				TARGETED_DEVICE_FAMILY = "1,2";
				VALIDATE_PRODUCT = YES;
			};
			name = Release;
		};
		AB8302561E424F8A004C3552 /* Debug */ = {
			isa = XCBuildConfiguration;
			baseConfigurationReference = D84EE19978DCA2C23D05EC97 /* Pods-NotAnotherStarWarsApp.debug.xcconfig */;
			buildSettings = {
				ASSETCATALOG_COMPILER_APPICON_NAME = AppIcon;
				DEBUG_INFORMATION_FORMAT = "dwarf-with-dsym";
				DEVELOPMENT_TEAM = 8CH5HQ4HDY;
				INFOPLIST_FILE = NotAnotherStarWarsApp/Support/Info.plist;
				IPHONEOS_DEPLOYMENT_TARGET = 9.0;
				LD_RUNPATH_SEARCH_PATHS = "$(inherited) @executable_path/Frameworks";
				PRODUCT_BUNDLE_IDENTIFIER = com.RocketSolutions.NotAnotherStarWarsApp;
				PRODUCT_NAME = "$(TARGET_NAME)";
				SWIFT_VERSION = 3.0;
			};
			name = Debug;
		};
		AB8302571E424F8A004C3552 /* Release */ = {
			isa = XCBuildConfiguration;
			baseConfigurationReference = EE19C7DF9E760A98D510F7A2 /* Pods-NotAnotherStarWarsApp.release.xcconfig */;
			buildSettings = {
				ASSETCATALOG_COMPILER_APPICON_NAME = AppIcon;
				DEVELOPMENT_TEAM = 8CH5HQ4HDY;
				INFOPLIST_FILE = NotAnotherStarWarsApp/Support/Info.plist;
				IPHONEOS_DEPLOYMENT_TARGET = 9.0;
				LD_RUNPATH_SEARCH_PATHS = "$(inherited) @executable_path/Frameworks";
				PRODUCT_BUNDLE_IDENTIFIER = com.RocketSolutions.NotAnotherStarWarsApp;
				PRODUCT_NAME = "$(TARGET_NAME)";
				SWIFT_VERSION = 3.0;
			};
			name = Release;
		};
		AB8302591E424F8A004C3552 /* Debug */ = {
			isa = XCBuildConfiguration;
			baseConfigurationReference = D6931B2CA54C29897E8FEFF0 /* Pods-NotAnotherStarWarsAppTests.debug.xcconfig */;
			buildSettings = {
				ALWAYS_EMBED_SWIFT_STANDARD_LIBRARIES = YES;
				BUNDLE_LOADER = "$(TEST_HOST)";
				CLANG_ENABLE_MODULES = YES;
				DEVELOPMENT_TEAM = 8CH5HQ4HDY;
				INFOPLIST_FILE = NotAnotherStarWarsAppTests/Info.plist;
				LD_RUNPATH_SEARCH_PATHS = "$(inherited) @executable_path/Frameworks @loader_path/Frameworks";
				PRODUCT_BUNDLE_IDENTIFIER = com.RocketSolutions.NotAnotherStarWarsAppTests;
				PRODUCT_NAME = "$(TARGET_NAME)";
				SWIFT_OPTIMIZATION_LEVEL = "-Onone";
				SWIFT_VERSION = 3.0;
				TEST_HOST = "$(BUILT_PRODUCTS_DIR)/NotAnotherStarWarsApp.app/NotAnotherStarWarsApp";
			};
			name = Debug;
		};
		AB83025A1E424F8A004C3552 /* Release */ = {
			isa = XCBuildConfiguration;
			baseConfigurationReference = 6F94DB5382A67962563AFF39 /* Pods-NotAnotherStarWarsAppTests.release.xcconfig */;
			buildSettings = {
				ALWAYS_EMBED_SWIFT_STANDARD_LIBRARIES = YES;
				BUNDLE_LOADER = "$(TEST_HOST)";
				CLANG_ENABLE_MODULES = YES;
				DEVELOPMENT_TEAM = 8CH5HQ4HDY;
				INFOPLIST_FILE = NotAnotherStarWarsAppTests/Info.plist;
				LD_RUNPATH_SEARCH_PATHS = "$(inherited) @executable_path/Frameworks @loader_path/Frameworks";
				PRODUCT_BUNDLE_IDENTIFIER = com.RocketSolutions.NotAnotherStarWarsAppTests;
				PRODUCT_NAME = "$(TARGET_NAME)";
				SWIFT_VERSION = 3.0;
				TEST_HOST = "$(BUILT_PRODUCTS_DIR)/NotAnotherStarWarsApp.app/NotAnotherStarWarsApp";
			};
			name = Release;
		};
		AB83025C1E424F8A004C3552 /* Debug */ = {
			isa = XCBuildConfiguration;
			baseConfigurationReference = CEA8F4ACA7F1C77CF9E20101 /* Pods-NotAnotherStarWarsAppUITests.debug.xcconfig */;
			buildSettings = {
				ALWAYS_EMBED_SWIFT_STANDARD_LIBRARIES = YES;
				CLANG_ENABLE_MODULES = YES;
				DEVELOPMENT_TEAM = 8CH5HQ4HDY;
				INFOPLIST_FILE = NotAnotherStarWarsAppUITests/Info.plist;
				LD_RUNPATH_SEARCH_PATHS = "$(inherited) @executable_path/Frameworks @loader_path/Frameworks";
				PRODUCT_BUNDLE_IDENTIFIER = com.RocketSolutions.NotAnotherStarWarsAppUITests;
				PRODUCT_NAME = "$(TARGET_NAME)";
				SWIFT_OPTIMIZATION_LEVEL = "-Onone";
				SWIFT_VERSION = 3.0;
				TEST_TARGET_NAME = NotAnotherStarWarsApp;
			};
			name = Debug;
		};
		AB83025D1E424F8A004C3552 /* Release */ = {
			isa = XCBuildConfiguration;
			baseConfigurationReference = EC8A50E83CB87E27FB7FFDDD /* Pods-NotAnotherStarWarsAppUITests.release.xcconfig */;
			buildSettings = {
				ALWAYS_EMBED_SWIFT_STANDARD_LIBRARIES = YES;
				CLANG_ENABLE_MODULES = YES;
				DEVELOPMENT_TEAM = 8CH5HQ4HDY;
				INFOPLIST_FILE = NotAnotherStarWarsAppUITests/Info.plist;
				LD_RUNPATH_SEARCH_PATHS = "$(inherited) @executable_path/Frameworks @loader_path/Frameworks";
				PRODUCT_BUNDLE_IDENTIFIER = com.RocketSolutions.NotAnotherStarWarsAppUITests;
				PRODUCT_NAME = "$(TARGET_NAME)";
				SWIFT_VERSION = 3.0;
				TEST_TARGET_NAME = NotAnotherStarWarsApp;
			};
			name = Release;
		};
/* End XCBuildConfiguration section */

/* Begin XCConfigurationList section */
		AB8302281E424F89004C3552 /* Build configuration list for PBXProject "NotAnotherStarWarsApp" */ = {
			isa = XCConfigurationList;
			buildConfigurations = (
				AB8302531E424F8A004C3552 /* Debug */,
				AB8302541E424F8A004C3552 /* Release */,
			);
			defaultConfigurationIsVisible = 0;
			defaultConfigurationName = Release;
		};
		AB8302551E424F8A004C3552 /* Build configuration list for PBXNativeTarget "NotAnotherStarWarsApp" */ = {
			isa = XCConfigurationList;
			buildConfigurations = (
				AB8302561E424F8A004C3552 /* Debug */,
				AB8302571E424F8A004C3552 /* Release */,
			);
			defaultConfigurationIsVisible = 0;
			defaultConfigurationName = Release;
		};
		AB8302581E424F8A004C3552 /* Build configuration list for PBXNativeTarget "NotAnotherStarWarsAppTests" */ = {
			isa = XCConfigurationList;
			buildConfigurations = (
				AB8302591E424F8A004C3552 /* Debug */,
				AB83025A1E424F8A004C3552 /* Release */,
			);
			defaultConfigurationIsVisible = 0;
			defaultConfigurationName = Release;
		};
		AB83025B1E424F8A004C3552 /* Build configuration list for PBXNativeTarget "NotAnotherStarWarsAppUITests" */ = {
			isa = XCConfigurationList;
			buildConfigurations = (
				AB83025C1E424F8A004C3552 /* Debug */,
				AB83025D1E424F8A004C3552 /* Release */,
			);
			defaultConfigurationIsVisible = 0;
			defaultConfigurationName = Release;
		};
/* End XCConfigurationList section */
	};
	rootObject = AB8302251E424F89004C3552 /* Project object */;
}
