// !$*UTF8*$!
{
	archiveVersion = 1;
	classes = {
	};
	objectVersion = 46;
	objects = {

/* Begin PBXBuildFile section */
		590BD9DCA48BE3D7E4D6099A /* Pods_NotAnotherStarWarsAppTests.framework in Frameworks */ = {isa = PBXBuildFile; fileRef = 0C12672531E13BFE9E928C20 /* Pods_NotAnotherStarWarsAppTests.framework */; };
		88B037DCACD656D3B1D967E6 /* Pods_NotAnotherStarWarsApp.framework in Frameworks */ = {isa = PBXBuildFile; fileRef = A5DF6162A301B4D8FE8A2675 /* Pods_NotAnotherStarWarsApp.framework */; };
		AB8302511E424F8A004C3552 /* NotAnotherStarWarsAppUITests.swift in Sources */ = {isa = PBXBuildFile; fileRef = AB8302501E424F8A004C3552 /* NotAnotherStarWarsAppUITests.swift */; };
		AB83026B1E425116004C3552 /* Assets.xcassets in Resources */ = {isa = PBXBuildFile; fileRef = AB83025F1E425116004C3552 /* Assets.xcassets */; };
		AB83026C1E425116004C3552 /* AppDelegate.swift in Sources */ = {isa = PBXBuildFile; fileRef = AB8302661E425116004C3552 /* AppDelegate.swift */; };
		AB83026D1E425116004C3552 /* Info.plist in Resources */ = {isa = PBXBuildFile; fileRef = AB8302671E425116004C3552 /* Info.plist */; };
		AB83026E1E425116004C3552 /* LaunchScreen.storyboard in Resources */ = {isa = PBXBuildFile; fileRef = AB8302691E425116004C3552 /* LaunchScreen.storyboard */; };
		AB8302791E42525E004C3552 /* HomeViewController.swift in Sources */ = {isa = PBXBuildFile; fileRef = AB8302741E42525E004C3552 /* HomeViewController.swift */; };
		AB83027A1E42525E004C3552 /* Home.storyboard in Resources */ = {isa = PBXBuildFile; fileRef = AB8302781E42525E004C3552 /* Home.storyboard */; };
		AB83027C1E42528D004C3552 /* HomePresenter.swift in Sources */ = {isa = PBXBuildFile; fileRef = AB83027B1E42528D004C3552 /* HomePresenter.swift */; };
		AB83027E1E42529E004C3552 /* HomeInteractor.swift in Sources */ = {isa = PBXBuildFile; fileRef = AB83027D1E42529E004C3552 /* HomeInteractor.swift */; };
		AB8302801E4252F2004C3552 /* AppManager.swift in Sources */ = {isa = PBXBuildFile; fileRef = AB83027F1E4252F2004C3552 /* AppManager.swift */; };
		AB8302821E425436004C3552 /* AppManagerTests.swift in Sources */ = {isa = PBXBuildFile; fileRef = AB8302811E425436004C3552 /* AppManagerTests.swift */; };
		AB8302851E4257BA004C3552 /* BaseViewController.swift in Sources */ = {isa = PBXBuildFile; fileRef = AB8302841E4257BA004C3552 /* BaseViewController.swift */; };
		AB8302871E42588C004C3552 /* AppDelegateTests.swift in Sources */ = {isa = PBXBuildFile; fileRef = AB8302861E42588C004C3552 /* AppDelegateTests.swift */; };
		C42C5480159D2776C38E8291 /* Pods_NotAnotherStarWarsAppUITests.framework in Frameworks */ = {isa = PBXBuildFile; fileRef = F294A582C8A23108AC598E06 /* Pods_NotAnotherStarWarsAppUITests.framework */; };
/* End PBXBuildFile section */

/* Begin PBXContainerItemProxy section */
		AB8302421E424F89004C3552 /* PBXContainerItemProxy */ = {
			isa = PBXContainerItemProxy;
			containerPortal = AB8302251E424F89004C3552 /* Project object */;
			proxyType = 1;
			remoteGlobalIDString = AB83022C1E424F89004C3552;
			remoteInfo = NotAnotherStarWarsApp;
		};
		AB83024D1E424F8A004C3552 /* PBXContainerItemProxy */ = {
			isa = PBXContainerItemProxy;
			containerPortal = AB8302251E424F89004C3552 /* Project object */;
			proxyType = 1;
			remoteGlobalIDString = AB83022C1E424F89004C3552;
			remoteInfo = NotAnotherStarWarsApp;
		};
/* End PBXContainerItemProxy section */

/* Begin PBXFileReference section */
		0C12672531E13BFE9E928C20 /* Pods_NotAnotherStarWarsAppTests.framework */ = {isa = PBXFileReference; explicitFileType = wrapper.framework; includeInIndex = 0; path = Pods_NotAnotherStarWarsAppTests.framework; sourceTree = BUILT_PRODUCTS_DIR; };
		6F94DB5382A67962563AFF39 /* Pods-NotAnotherStarWarsAppTests.release.xcconfig */ = {isa = PBXFileReference; includeInIndex = 1; lastKnownFileType = text.xcconfig; name = "Pods-NotAnotherStarWarsAppTests.release.xcconfig"; path = "Pods/Target Support Files/Pods-NotAnotherStarWarsAppTests/Pods-NotAnotherStarWarsAppTests.release.xcconfig"; sourceTree = "<group>"; };
		A5DF6162A301B4D8FE8A2675 /* Pods_NotAnotherStarWarsApp.framework */ = {isa = PBXFileReference; explicitFileType = wrapper.framework; includeInIndex = 0; path = Pods_NotAnotherStarWarsApp.framework; sourceTree = BUILT_PRODUCTS_DIR; };
		AB83022D1E424F89004C3552 /* NotAnotherStarWarsApp.app */ = {isa = PBXFileReference; explicitFileType = wrapper.application; includeInIndex = 0; path = NotAnotherStarWarsApp.app; sourceTree = BUILT_PRODUCTS_DIR; };
		AB8302411E424F89004C3552 /* NotAnotherStarWarsAppTests.xctest */ = {isa = PBXFileReference; explicitFileType = wrapper.cfbundle; includeInIndex = 0; path = NotAnotherStarWarsAppTests.xctest; sourceTree = BUILT_PRODUCTS_DIR; };
		AB8302471E424F89004C3552 /* Info.plist */ = {isa = PBXFileReference; lastKnownFileType = text.plist.xml; path = Info.plist; sourceTree = "<group>"; };
		AB83024C1E424F8A004C3552 /* NotAnotherStarWarsAppUITests.xctest */ = {isa = PBXFileReference; explicitFileType = wrapper.cfbundle; includeInIndex = 0; path = NotAnotherStarWarsAppUITests.xctest; sourceTree = BUILT_PRODUCTS_DIR; };
		AB8302501E424F8A004C3552 /* NotAnotherStarWarsAppUITests.swift */ = {isa = PBXFileReference; lastKnownFileType = sourcecode.swift; path = NotAnotherStarWarsAppUITests.swift; sourceTree = "<group>"; };
		AB8302521E424F8A004C3552 /* Info.plist */ = {isa = PBXFileReference; lastKnownFileType = text.plist.xml; path = Info.plist; sourceTree = "<group>"; };
		AB83025F1E425116004C3552 /* Assets.xcassets */ = {isa = PBXFileReference; lastKnownFileType = folder.assetcatalog; path = Assets.xcassets; sourceTree = "<group>"; };
		AB8302661E425116004C3552 /* AppDelegate.swift */ = {isa = PBXFileReference; fileEncoding = 4; lastKnownFileType = sourcecode.swift; path = AppDelegate.swift; sourceTree = "<group>"; };
		AB8302671E425116004C3552 /* Info.plist */ = {isa = PBXFileReference; fileEncoding = 4; lastKnownFileType = text.plist.xml; path = Info.plist; sourceTree = "<group>"; };
		AB83026A1E425116004C3552 /* Base */ = {isa = PBXFileReference; lastKnownFileType = file.storyboard; name = Base; path = Base.lproj/LaunchScreen.storyboard; sourceTree = "<group>"; };
		AB8302741E42525E004C3552 /* HomeViewController.swift */ = {isa = PBXFileReference; fileEncoding = 4; lastKnownFileType = sourcecode.swift; path = HomeViewController.swift; sourceTree = "<group>"; };
		AB8302781E42525E004C3552 /* Home.storyboard */ = {isa = PBXFileReference; fileEncoding = 4; lastKnownFileType = file.storyboard; path = Home.storyboard; sourceTree = "<group>"; };
		AB83027B1E42528D004C3552 /* HomePresenter.swift */ = {isa = PBXFileReference; fileEncoding = 4; lastKnownFileType = sourcecode.swift; path = HomePresenter.swift; sourceTree = "<group>"; };
		AB83027D1E42529E004C3552 /* HomeInteractor.swift */ = {isa = PBXFileReference; fileEncoding = 4; lastKnownFileType = sourcecode.swift; path = HomeInteractor.swift; sourceTree = "<group>"; };
		AB83027F1E4252F2004C3552 /* AppManager.swift */ = {isa = PBXFileReference; fileEncoding = 4; lastKnownFileType = sourcecode.swift; path = AppManager.swift; sourceTree = "<group>"; };
		AB8302811E425436004C3552 /* AppManagerTests.swift */ = {isa = PBXFileReference; fileEncoding = 4; lastKnownFileType = sourcecode.swift; path = AppManagerTests.swift; sourceTree = "<group>"; };
		AB8302841E4257BA004C3552 /* BaseViewController.swift */ = {isa = PBXFileReference; fileEncoding = 4; lastKnownFileType = sourcecode.swift; path = BaseViewController.swift; sourceTree = "<group>"; };
		AB8302861E42588C004C3552 /* AppDelegateTests.swift */ = {isa = PBXFileReference; fileEncoding = 4; lastKnownFileType = sourcecode.swift; path = AppDelegateTests.swift; sourceTree = "<group>"; };
		CEA8F4ACA7F1C77CF9E20101 /* Pods-NotAnotherStarWarsAppUITests.debug.xcconfig */ = {isa = PBXFileReference; includeInIndex = 1; lastKnownFileType = text.xcconfig; name = "Pods-NotAnotherStarWarsAppUITests.debug.xcconfig"; path = "Pods/Target Support Files/Pods-NotAnotherStarWarsAppUITests/Pods-NotAnotherStarWarsAppUITests.debug.xcconfig"; sourceTree = "<group>"; };
		D6931B2CA54C29897E8FEFF0 /* Pods-NotAnotherStarWarsAppTests.debug.xcconfig */ = {isa = PBXFileReference; includeInIndex = 1; lastKnownFileType = text.xcconfig; name = "Pods-NotAnotherStarWarsAppTests.debug.xcconfig"; path = "Pods/Target Support Files/Pods-NotAnotherStarWarsAppTests/Pods-NotAnotherStarWarsAppTests.debug.xcconfig"; sourceTree = "<group>"; };
		D84EE19978DCA2C23D05EC97 /* Pods-NotAnotherStarWarsApp.debug.xcconfig */ = {isa = PBXFileReference; includeInIndex = 1; lastKnownFileType = text.xcconfig; name = "Pods-NotAnotherStarWarsApp.debug.xcconfig"; path = "Pods/Target Support Files/Pods-NotAnotherStarWarsApp/Pods-NotAnotherStarWarsApp.debug.xcconfig"; sourceTree = "<group>"; };
		EC8A50E83CB87E27FB7FFDDD /* Pods-NotAnotherStarWarsAppUITests.release.xcconfig */ = {isa = PBXFileReference; includeInIndex = 1; lastKnownFileType = text.xcconfig; name = "Pods-NotAnotherStarWarsAppUITests.release.xcconfig"; path = "Pods/Target Support Files/Pods-NotAnotherStarWarsAppUITests/Pods-NotAnotherStarWarsAppUITests.release.xcconfig"; sourceTree = "<group>"; };
		EE19C7DF9E760A98D510F7A2 /* Pods-NotAnotherStarWarsApp.release.xcconfig */ = {isa = PBXFileReference; includeInIndex = 1; lastKnownFileType = text.xcconfig; name = "Pods-NotAnotherStarWarsApp.release.xcconfig"; path = "Pods/Target Support Files/Pods-NotAnotherStarWarsApp/Pods-NotAnotherStarWarsApp.release.xcconfig"; sourceTree = "<group>"; };
		F294A582C8A23108AC598E06 /* Pods_NotAnotherStarWarsAppUITests.framework */ = {isa = PBXFileReference; explicitFileType = wrapper.framework; includeInIndex = 0; path = Pods_NotAnotherStarWarsAppUITests.framework; sourceTree = BUILT_PRODUCTS_DIR; };
/* End PBXFileReference section */

/* Begin PBXFrameworksBuildPhase section */
		AB83022A1E424F89004C3552 /* Frameworks */ = {
			isa = PBXFrameworksBuildPhase;
			buildActionMask = 2147483647;
			files = (
				88B037DCACD656D3B1D967E6 /* Pods_NotAnotherStarWarsApp.framework in Frameworks */,
			);
			runOnlyForDeploymentPostprocessing = 0;
		};
		AB83023E1E424F89004C3552 /* Frameworks */ = {
			isa = PBXFrameworksBuildPhase;
			buildActionMask = 2147483647;
			files = (
				590BD9DCA48BE3D7E4D6099A /* Pods_NotAnotherStarWarsAppTests.framework in Frameworks */,
			);
			runOnlyForDeploymentPostprocessing = 0;
		};
		AB8302491E424F8A004C3552 /* Frameworks */ = {
			isa = PBXFrameworksBuildPhase;
			buildActionMask = 2147483647;
			files = (
				C42C5480159D2776C38E8291 /* Pods_NotAnotherStarWarsAppUITests.framework in Frameworks */,
			);
			runOnlyForDeploymentPostprocessing = 0;
		};
/* End PBXFrameworksBuildPhase section */

/* Begin PBXGroup section */
		1DF691F52F6D2EAEFD9EBB71 /* Pods */ = {
			isa = PBXGroup;
			children = (
				D84EE19978DCA2C23D05EC97 /* Pods-NotAnotherStarWarsApp.debug.xcconfig */,
				EE19C7DF9E760A98D510F7A2 /* Pods-NotAnotherStarWarsApp.release.xcconfig */,
				D6931B2CA54C29897E8FEFF0 /* Pods-NotAnotherStarWarsAppTests.debug.xcconfig */,
				6F94DB5382A67962563AFF39 /* Pods-NotAnotherStarWarsAppTests.release.xcconfig */,
				CEA8F4ACA7F1C77CF9E20101 /* Pods-NotAnotherStarWarsAppUITests.debug.xcconfig */,
				EC8A50E83CB87E27FB7FFDDD /* Pods-NotAnotherStarWarsAppUITests.release.xcconfig */,
			);
			name = Pods;
			sourceTree = "<group>";
		};
		5CACC682BA13FC383E5C31F8 /* Frameworks */ = {
			isa = PBXGroup;
			children = (
				A5DF6162A301B4D8FE8A2675 /* Pods_NotAnotherStarWarsApp.framework */,
				0C12672531E13BFE9E928C20 /* Pods_NotAnotherStarWarsAppTests.framework */,
				F294A582C8A23108AC598E06 /* Pods_NotAnotherStarWarsAppUITests.framework */,
			);
			name = Frameworks;
			sourceTree = "<group>";
		};
		AB8302241E424F89004C3552 = {
			isa = PBXGroup;
			children = (
				AB83022F1E424F89004C3552 /* NotAnotherStarWarsApp */,
				AB8302441E424F89004C3552 /* NotAnotherStarWarsAppTests */,
				AB83024F1E424F8A004C3552 /* NotAnotherStarWarsAppUITests */,
				AB83022E1E424F89004C3552 /* Products */,
				1DF691F52F6D2EAEFD9EBB71 /* Pods */,
				5CACC682BA13FC383E5C31F8 /* Frameworks */,
			);
			sourceTree = "<group>";
		};
		AB83022E1E424F89004C3552 /* Products */ = {
			isa = PBXGroup;
			children = (
				AB83022D1E424F89004C3552 /* NotAnotherStarWarsApp.app */,
				AB8302411E424F89004C3552 /* NotAnotherStarWarsAppTests.xctest */,
				AB83024C1E424F8A004C3552 /* NotAnotherStarWarsAppUITests.xctest */,
			);
			name = Products;
			sourceTree = "<group>";
		};
		AB83022F1E424F89004C3552 /* NotAnotherStarWarsApp */ = {
			isa = PBXGroup;
			children = (
				AB8302601E425116004C3552 /* Source */,
				AB83025E1E425116004C3552 /* Resources */,
				AB8302651E425116004C3552 /* Support */,
				AB8302681E425116004C3552 /* UI */,
			);
			path = NotAnotherStarWarsApp;
			sourceTree = "<group>";
		};
		AB8302441E424F89004C3552 /* NotAnotherStarWarsAppTests */ = {
			isa = PBXGroup;
			children = (
				AB8302861E42588C004C3552 /* AppDelegateTests.swift */,
				AB8302811E425436004C3552 /* AppManagerTests.swift */,
				AB8302471E424F89004C3552 /* Info.plist */,
			);
			path = NotAnotherStarWarsAppTests;
			sourceTree = "<group>";
		};
		AB83024F1E424F8A004C3552 /* NotAnotherStarWarsAppUITests */ = {
			isa = PBXGroup;
			children = (
				AB8302501E424F8A004C3552 /* NotAnotherStarWarsAppUITests.swift */,
				AB8302521E424F8A004C3552 /* Info.plist */,
			);
			path = NotAnotherStarWarsAppUITests;
			sourceTree = "<group>";
		};
		AB83025E1E425116004C3552 /* Resources */ = {
			isa = PBXGroup;
			children = (
				AB83025F1E425116004C3552 /* Assets.xcassets */,
			);
			path = Resources;
			sourceTree = "<group>";
		};
		AB8302601E425116004C3552 /* Source */ = {
			isa = PBXGroup;
			children = (
				AB8302611E425116004C3552 /* Managers */,
				AB8302621E425116004C3552 /* VPI */,
			);
			path = Source;
			sourceTree = "<group>";
		};
		AB8302611E425116004C3552 /* Managers */ = {
			isa = PBXGroup;
			children = (
				AB83027F1E4252F2004C3552 /* AppManager.swift */,
			);
			path = Managers;
			sourceTree = "<group>";
		};
		AB8302621E425116004C3552 /* VPI */ = {
			isa = PBXGroup;
			children = (
				AB8302631E425116004C3552 /* Base */,
				AB8302641E425116004C3552 /* Home */,
			);
			path = VPI;
			sourceTree = "<group>";
		};
		AB8302631E425116004C3552 /* Base */ = {
			isa = PBXGroup;
			children = (
				AB8302831E4257AD004C3552 /* Controllers */,
			);
			path = Base;
			sourceTree = "<group>";
		};
		AB8302641E425116004C3552 /* Home */ = {
			isa = PBXGroup;
			children = (
				AB8302731E42525E004C3552 /* Controllers */,
				AB8302761E42525E004C3552 /* Presenters */,
				AB8302751E42525E004C3552 /* Interactors */,
				AB8302771E42525E004C3552 /* UI */,
			);
			path = Home;
			sourceTree = "<group>";
		};
		AB8302651E425116004C3552 /* Support */ = {
			isa = PBXGroup;
			children = (
				AB8302661E425116004C3552 /* AppDelegate.swift */,
				AB8302671E425116004C3552 /* Info.plist */,
			);
			path = Support;
			sourceTree = "<group>";
		};
		AB8302681E425116004C3552 /* UI */ = {
			isa = PBXGroup;
			children = (
				AB8302691E425116004C3552 /* LaunchScreen.storyboard */,
			);
			path = UI;
			sourceTree = "<group>";
		};
		AB8302731E42525E004C3552 /* Controllers */ = {
			isa = PBXGroup;
			children = (
				AB8302741E42525E004C3552 /* HomeViewController.swift */,
			);
			path = Controllers;
			sourceTree = "<group>";
		};
		AB8302751E42525E004C3552 /* Interactors */ = {
			isa = PBXGroup;
			children = (
				AB83027D1E42529E004C3552 /* HomeInteractor.swift */,
			);
			path = Interactors;
			sourceTree = "<group>";
		};
		AB8302761E42525E004C3552 /* Presenters */ = {
			isa = PBXGroup;
			children = (
				AB83027B1E42528D004C3552 /* HomePresenter.swift */,
			);
			path = Presenters;
			sourceTree = "<group>";
		};
		AB8302771E42525E004C3552 /* UI */ = {
			isa = PBXGroup;
			children = (
				AB8302781E42525E004C3552 /* Home.storyboard */,
			);
			path = UI;
			sourceTree = "<group>";
		};
		AB8302831E4257AD004C3552 /* Controllers */ = {
			isa = PBXGroup;
			children = (
				AB8302841E4257BA004C3552 /* BaseViewController.swift */,
			);
			path = Controllers;
			sourceTree = "<group>";
		};
/* End PBXGroup section */

/* Begin PBXNativeTarget section */
		AB83022C1E424F89004C3552 /* NotAnotherStarWarsApp */ = {
			isa = PBXNativeTarget;
			buildConfigurationList = AB8302551E424F8A004C3552 /* Build configuration list for PBXNativeTarget "NotAnotherStarWarsApp" */;
			buildPhases = (
				B1DB63697670FE209B1AB4CF /* [CP] Check Pods Manifest.lock */,
				AB8302291E424F89004C3552 /* Sources */,
				AB83022A1E424F89004C3552 /* Frameworks */,
				AB83022B1E424F89004C3552 /* Resources */,
				341F8777AA774B97B95D49CC /* [CP] Embed Pods Frameworks */,
				13D30B30A72BE74818677607 /* [CP] Copy Pods Resources */,
			);
			buildRules = (
			);
			dependencies = (
			);
			name = NotAnotherStarWarsApp;
			productName = NotAnotherStarWarsApp;
			productReference = AB83022D1E424F89004C3552 /* NotAnotherStarWarsApp.app */;
			productType = "com.apple.product-type.application";
		};
		AB8302401E424F89004C3552 /* NotAnotherStarWarsAppTests */ = {
			isa = PBXNativeTarget;
			buildConfigurationList = AB8302581E424F8A004C3552 /* Build configuration list for PBXNativeTarget "NotAnotherStarWarsAppTests" */;
			buildPhases = (
				2471CB35853E2B580AB306B5 /* [CP] Check Pods Manifest.lock */,
				AB83023D1E424F89004C3552 /* Sources */,
				AB83023E1E424F89004C3552 /* Frameworks */,
				AB83023F1E424F89004C3552 /* Resources */,
				3B8B974A5890D08BD555A3E3 /* [CP] Embed Pods Frameworks */,
				EF82F0EE7CF1C24FD9E4A59D /* [CP] Copy Pods Resources */,
			);
			buildRules = (
			);
			dependencies = (
				AB8302431E424F89004C3552 /* PBXTargetDependency */,
			);
			name = NotAnotherStarWarsAppTests;
			productName = NotAnotherStarWarsAppTests;
			productReference = AB8302411E424F89004C3552 /* NotAnotherStarWarsAppTests.xctest */;
			productType = "com.apple.product-type.bundle.unit-test";
		};
		AB83024B1E424F8A004C3552 /* NotAnotherStarWarsAppUITests */ = {
			isa = PBXNativeTarget;
			buildConfigurationList = AB83025B1E424F8A004C3552 /* Build configuration list for PBXNativeTarget "NotAnotherStarWarsAppUITests" */;
			buildPhases = (
				B03D0619FE2B341F83DC759B /* [CP] Check Pods Manifest.lock */,
				AB8302481E424F8A004C3552 /* Sources */,
				AB8302491E424F8A004C3552 /* Frameworks */,
				AB83024A1E424F8A004C3552 /* Resources */,
				C8E7BC996CDABF2F77761FC7 /* [CP] Embed Pods Frameworks */,
				2BD24308501B6ECC50C5A070 /* [CP] Copy Pods Resources */,
			);
			buildRules = (
			);
			dependencies = (
				AB83024E1E424F8A004C3552 /* PBXTargetDependency */,
			);
			name = NotAnotherStarWarsAppUITests;
			productName = NotAnotherStarWarsAppUITests;
			productReference = AB83024C1E424F8A004C3552 /* NotAnotherStarWarsAppUITests.xctest */;
			productType = "com.apple.product-type.bundle.ui-testing";
		};
/* End PBXNativeTarget section */

/* Begin PBXProject section */
		AB8302251E424F89004C3552 /* Project object */ = {
			isa = PBXProject;
			attributes = {
				LastSwiftUpdateCheck = 0820;
				LastUpgradeCheck = 0820;
				ORGANIZATIONNAME = RocketSolutions;
				TargetAttributes = {
					AB83022C1E424F89004C3552 = {
						CreatedOnToolsVersion = 8.2.1;
						DevelopmentTeam = 8CH5HQ4HDY;
						ProvisioningStyle = Automatic;
					};
					AB8302401E424F89004C3552 = {
						CreatedOnToolsVersion = 8.2.1;
						DevelopmentTeam = 8CH5HQ4HDY;
						LastSwiftMigration = 0820;
						ProvisioningStyle = Automatic;
						TestTargetID = AB83022C1E424F89004C3552;
					};
					AB83024B1E424F8A004C3552 = {
						CreatedOnToolsVersion = 8.2.1;
						DevelopmentTeam = 8CH5HQ4HDY;
						ProvisioningStyle = Automatic;
						TestTargetID = AB83022C1E424F89004C3552;
					};
				};
			};
			buildConfigurationList = AB8302281E424F89004C3552 /* Build configuration list for PBXProject "NotAnotherStarWarsApp" */;
			compatibilityVersion = "Xcode 3.2";
			developmentRegion = English;
			hasScannedForEncodings = 0;
			knownRegions = (
				en,
				Base,
			);
			mainGroup = AB8302241E424F89004C3552;
			productRefGroup = AB83022E1E424F89004C3552 /* Products */;
			projectDirPath = "";
			projectRoot = "";
			targets = (
				AB83022C1E424F89004C3552 /* NotAnotherStarWarsApp */,
				AB8302401E424F89004C3552 /* NotAnotherStarWarsAppTests */,
				AB83024B1E424F8A004C3552 /* NotAnotherStarWarsAppUITests */,
			);
		};
/* End PBXProject section */

/* Begin PBXResourcesBuildPhase section */
		AB83022B1E424F89004C3552 /* Resources */ = {
			isa = PBXResourcesBuildPhase;
			buildActionMask = 2147483647;
			files = (
				AB83026E1E425116004C3552 /* LaunchScreen.storyboard in Resources */,
				AB83026D1E425116004C3552 /* Info.plist in Resources */,
				AB83026B1E425116004C3552 /* Assets.xcassets in Resources */,
				AB83027A1E42525E004C3552 /* Home.storyboard in Resources */,
			);
			runOnlyForDeploymentPostprocessing = 0;
		};
		AB83023F1E424F89004C3552 /* Resources */ = {
			isa = PBXResourcesBuildPhase;
			buildActionMask = 2147483647;
			files = (
			);
			runOnlyForDeploymentPostprocessing = 0;
		};
		AB83024A1E424F8A004C3552 /* Resources */ = {
			isa = PBXResourcesBuildPhase;
			buildActionMask = 2147483647;
			files = (
			);
			runOnlyForDeploymentPostprocessing = 0;
		};
/* End PBXResourcesBuildPhase section */

/* Begin PBXShellScriptBuildPhase section */
		13D30B30A72BE74818677607 /* [CP] Copy Pods Resources */ = {
			isa = PBXShellScriptBuildPhase;
			buildActionMask = 2147483647;
			files = (
			);
			inputPaths = (
			);
			name = "[CP] Copy Pods Resources";
			outputPaths = (
			);
			runOnlyForDeploymentPostprocessing = 0;
			shellPath = /bin/sh;
			shellScript = "\"${SRCROOT}/Pods/Target Support Files/Pods-NotAnotherStarWarsApp/Pods-NotAnotherStarWarsApp-resources.sh\"\n";
			showEnvVarsInLog = 0;
		};
		2471CB35853E2B580AB306B5 /* [CP] Check Pods Manifest.lock */ = {
			isa = PBXShellScriptBuildPhase;
			buildActionMask = 2147483647;
			files = (
			);
			inputPaths = (
			);
			name = "[CP] Check Pods Manifest.lock";
			outputPaths = (
			);
			runOnlyForDeploymentPostprocessing = 0;
			shellPath = /bin/sh;
			shellScript = "diff \"${PODS_ROOT}/../Podfile.lock\" \"${PODS_ROOT}/Manifest.lock\" > /dev/null\nif [ $? != 0 ] ; then\n    # print error to STDERR\n    echo \"error: The sandbox is not in sync with the Podfile.lock. Run 'pod install' or update your CocoaPods installation.\" >&2\n    exit 1\nfi\n";
			showEnvVarsInLog = 0;
		};
		2BD24308501B6ECC50C5A070 /* [CP] Copy Pods Resources */ = {
			isa = PBXShellScriptBuildPhase;
			buildActionMask = 2147483647;
			files = (
			);
			inputPaths = (
			);
			name = "[CP] Copy Pods Resources";
			outputPaths = (
			);
			runOnlyForDeploymentPostprocessing = 0;
			shellPath = /bin/sh;
			shellScript = "\"${SRCROOT}/Pods/Target Support Files/Pods-NotAnotherStarWarsAppUITests/Pods-NotAnotherStarWarsAppUITests-resources.sh\"\n";
			showEnvVarsInLog = 0;
		};
		341F8777AA774B97B95D49CC /* [CP] Embed Pods Frameworks */ = {
			isa = PBXShellScriptBuildPhase;
			buildActionMask = 2147483647;
			files = (
			);
			inputPaths = (
			);
			name = "[CP] Embed Pods Frameworks";
			outputPaths = (
			);
			runOnlyForDeploymentPostprocessing = 0;
			shellPath = /bin/sh;
			shellScript = "\"${SRCROOT}/Pods/Target Support Files/Pods-NotAnotherStarWarsApp/Pods-NotAnotherStarWarsApp-frameworks.sh\"\n";
			showEnvVarsInLog = 0;
		};
		3B8B974A5890D08BD555A3E3 /* [CP] Embed Pods Frameworks */ = {
			isa = PBXShellScriptBuildPhase;
			buildActionMask = 2147483647;
			files = (
			);
			inputPaths = (
			);
			name = "[CP] Embed Pods Frameworks";
			outputPaths = (
			);
			runOnlyForDeploymentPostprocessing = 0;
			shellPath = /bin/sh;
			shellScript = "\"${SRCROOT}/Pods/Target Support Files/Pods-NotAnotherStarWarsAppTests/Pods-NotAnotherStarWarsAppTests-frameworks.sh\"\n";
			showEnvVarsInLog = 0;
		};
		B03D0619FE2B341F83DC759B /* [CP] Check Pods Manifest.lock */ = {
			isa = PBXShellScriptBuildPhase;
			buildActionMask = 2147483647;
			files = (
			);
			inputPaths = (
			);
			name = "[CP] Check Pods Manifest.lock";
			outputPaths = (
			);
			runOnlyForDeploymentPostprocessing = 0;
			shellPath = /bin/sh;
			shellScript = "diff \"${PODS_ROOT}/../Podfile.lock\" \"${PODS_ROOT}/Manifest.lock\" > /dev/null\nif [ $? != 0 ] ; then\n    # print error to STDERR\n    echo \"error: The sandbox is not in sync with the Podfile.lock. Run 'pod install' or update your CocoaPods installation.\" >&2\n    exit 1\nfi\n";
			showEnvVarsInLog = 0;
		};
		B1DB63697670FE209B1AB4CF /* [CP] Check Pods Manifest.lock */ = {
			isa = PBXShellScriptBuildPhase;
			buildActionMask = 2147483647;
			files = (
			);
			inputPaths = (
			);
			name = "[CP] Check Pods Manifest.lock";
			outputPaths = (
			);
			runOnlyForDeploymentPostprocessing = 0;
			shellPath = /bin/sh;
			shellScript = "diff \"${PODS_ROOT}/../Podfile.lock\" \"${PODS_ROOT}/Manifest.lock\" > /dev/null\nif [ $? != 0 ] ; then\n    # print error to STDERR\n    echo \"error: The sandbox is not in sync with the Podfile.lock. Run 'pod install' or update your CocoaPods installation.\" >&2\n    exit 1\nfi\n";
			showEnvVarsInLog = 0;
		};
		C8E7BC996CDABF2F77761FC7 /* [CP] Embed Pods Frameworks */ = {
			isa = PBXShellScriptBuildPhase;
			buildActionMask = 2147483647;
			files = (
			);
			inputPaths = (
			);
			name = "[CP] Embed Pods Frameworks";
			outputPaths = (
			);
			runOnlyForDeploymentPostprocessing = 0;
			shellPath = /bin/sh;
			shellScript = "\"${SRCROOT}/Pods/Target Support Files/Pods-NotAnotherStarWarsAppUITests/Pods-NotAnotherStarWarsAppUITests-frameworks.sh\"\n";
			showEnvVarsInLog = 0;
		};
		EF82F0EE7CF1C24FD9E4A59D /* [CP] Copy Pods Resources */ = {
			isa = PBXShellScriptBuildPhase;
			buildActionMask = 2147483647;
			files = (
			);
			inputPaths = (
			);
			name = "[CP] Copy Pods Resources";
			outputPaths = (
			);
			runOnlyForDeploymentPostprocessing = 0;
			shellPath = /bin/sh;
			shellScript = "\"${SRCROOT}/Pods/Target Support Files/Pods-NotAnotherStarWarsAppTests/Pods-NotAnotherStarWarsAppTests-resources.sh\"\n";
			showEnvVarsInLog = 0;
		};
/* End PBXShellScriptBuildPhase section */

/* Begin PBXSourcesBuildPhase section */
		AB8302291E424F89004C3552 /* Sources */ = {
			isa = PBXSourcesBuildPhase;
			buildActionMask = 2147483647;
			files = (
				AB83027C1E42528D004C3552 /* HomePresenter.swift in Sources */,
				AB8302801E4252F2004C3552 /* AppManager.swift in Sources */,
				AB83026C1E425116004C3552 /* AppDelegate.swift in Sources */,
				AB8302791E42525E004C3552 /* HomeViewController.swift in Sources */,
				AB83027E1E42529E004C3552 /* HomeInteractor.swift in Sources */,
				AB8302851E4257BA004C3552 /* BaseViewController.swift in Sources */,
			);
			runOnlyForDeploymentPostprocessing = 0;
		};
		AB83023D1E424F89004C3552 /* Sources */ = {
			isa = PBXSourcesBuildPhase;
			buildActionMask = 2147483647;
			files = (
				AB8302871E42588C004C3552 /* AppDelegateTests.swift in Sources */,
				AB8302821E425436004C3552 /* AppManagerTests.swift in Sources */,
			);
			runOnlyForDeploymentPostprocessing = 0;
		};
		AB8302481E424F8A004C3552 /* Sources */ = {
			isa = PBXSourcesBuildPhase;
			buildActionMask = 2147483647;
			files = (
				AB8302511E424F8A004C3552 /* NotAnotherStarWarsAppUITests.swift in Sources */,
			);
			runOnlyForDeploymentPostprocessing = 0;
		};
/* End PBXSourcesBuildPhase section */

/* Begin PBXTargetDependency section */
		AB8302431E424F89004C3552 /* PBXTargetDependency */ = {
			isa = PBXTargetDependency;
			target = AB83022C1E424F89004C3552 /* NotAnotherStarWarsApp */;
			targetProxy = AB8302421E424F89004C3552 /* PBXContainerItemProxy */;
		};
		AB83024E1E424F8A004C3552 /* PBXTargetDependency */ = {
			isa = PBXTargetDependency;
			target = AB83022C1E424F89004C3552 /* NotAnotherStarWarsApp */;
			targetProxy = AB83024D1E424F8A004C3552 /* PBXContainerItemProxy */;
		};
/* End PBXTargetDependency section */

/* Begin PBXVariantGroup section */
		AB8302691E425116004C3552 /* LaunchScreen.storyboard */ = {
			isa = PBXVariantGroup;
			children = (
				AB83026A1E425116004C3552 /* Base */,
			);
			name = LaunchScreen.storyboard;
			sourceTree = "<group>";
		};
/* End PBXVariantGroup section */

/* Begin XCBuildConfiguration section */
		AB8302531E424F8A004C3552 /* Debug */ = {
			isa = XCBuildConfiguration;
			buildSettings = {
				ALWAYS_SEARCH_USER_PATHS = NO;
				CLANG_ANALYZER_NONNULL = YES;
				CLANG_CXX_LANGUAGE_STANDARD = "gnu++0x";
				CLANG_CXX_LIBRARY = "libc++";
				CLANG_ENABLE_MODULES = YES;
				CLANG_ENABLE_OBJC_ARC = YES;
				CLANG_WARN_BOOL_CONVERSION = YES;
				CLANG_WARN_CONSTANT_CONVERSION = YES;
				CLANG_WARN_DIRECT_OBJC_ISA_USAGE = YES_ERROR;
				CLANG_WARN_DOCUMENTATION_COMMENTS = YES;
				CLANG_WARN_EMPTY_BODY = YES;
				CLANG_WARN_ENUM_CONVERSION = YES;
				CLANG_WARN_INFINITE_RECURSION = YES;
				CLANG_WARN_INT_CONVERSION = YES;
				CLANG_WARN_OBJC_ROOT_CLASS = YES_ERROR;
				CLANG_WARN_SUSPICIOUS_MOVE = YES;
				CLANG_WARN_UNREACHABLE_CODE = YES;
				CLANG_WARN__DUPLICATE_METHOD_MATCH = YES;
				"CODE_SIGN_IDENTITY[sdk=iphoneos*]" = "iPhone Developer";
				COPY_PHASE_STRIP = NO;
				DEBUG_INFORMATION_FORMAT = dwarf;
				ENABLE_STRICT_OBJC_MSGSEND = YES;
				ENABLE_TESTABILITY = YES;
				GCC_C_LANGUAGE_STANDARD = gnu99;
				GCC_DYNAMIC_NO_PIC = NO;
				GCC_NO_COMMON_BLOCKS = YES;
				GCC_OPTIMIZATION_LEVEL = 0;
				GCC_PREPROCESSOR_DEFINITIONS = (
					"DEBUG=1",
					"$(inherited)",
				);
				GCC_WARN_64_TO_32_BIT_CONVERSION = YES;
				GCC_WARN_ABOUT_RETURN_TYPE = YES_ERROR;
				GCC_WARN_UNDECLARED_SELECTOR = YES;
				GCC_WARN_UNINITIALIZED_AUTOS = YES_AGGRESSIVE;
				GCC_WARN_UNUSED_FUNCTION = YES;
				GCC_WARN_UNUSED_VARIABLE = YES;
				IPHONEOS_DEPLOYMENT_TARGET = 10.2;
				MTL_ENABLE_DEBUG_INFO = YES;
				ONLY_ACTIVE_ARCH = YES;
				SDKROOT = iphoneos;
				SWIFT_ACTIVE_COMPILATION_CONDITIONS = DEBUG;
				SWIFT_OPTIMIZATION_LEVEL = "-Onone";
				TARGETED_DEVICE_FAMILY = "1,2";
			};
			name = Debug;
		};
		AB8302541E424F8A004C3552 /* Release */ = {
			isa = XCBuildConfiguration;
			buildSettings = {
				ALWAYS_SEARCH_USER_PATHS = NO;
				CLANG_ANALYZER_NONNULL = YES;
				CLANG_CXX_LANGUAGE_STANDARD = "gnu++0x";
				CLANG_CXX_LIBRARY = "libc++";
				CLANG_ENABLE_MODULES = YES;
				CLANG_ENABLE_OBJC_ARC = YES;
				CLANG_WARN_BOOL_CONVERSION = YES;
				CLANG_WARN_CONSTANT_CONVERSION = YES;
				CLANG_WARN_DIRECT_OBJC_ISA_USAGE = YES_ERROR;
				CLANG_WARN_DOCUMENTATION_COMMENTS = YES;
				CLANG_WARN_EMPTY_BODY = YES;
				CLANG_WARN_ENUM_CONVERSION = YES;
				CLANG_WARN_INFINITE_RECURSION = YES;
				CLANG_WARN_INT_CONVERSION = YES;
				CLANG_WARN_OBJC_ROOT_CLASS = YES_ERROR;
				CLANG_WARN_SUSPICIOUS_MOVE = YES;
				CLANG_WARN_UNREACHABLE_CODE = YES;
				CLANG_WARN__DUPLICATE_METHOD_MATCH = YES;
				"CODE_SIGN_IDENTITY[sdk=iphoneos*]" = "iPhone Developer";
				COPY_PHASE_STRIP = NO;
				DEBUG_INFORMATION_FORMAT = "dwarf-with-dsym";
				ENABLE_NS_ASSERTIONS = NO;
				ENABLE_STRICT_OBJC_MSGSEND = YES;
				GCC_C_LANGUAGE_STANDARD = gnu99;
				GCC_NO_COMMON_BLOCKS = YES;
				GCC_WARN_64_TO_32_BIT_CONVERSION = YES;
				GCC_WARN_ABOUT_RETURN_TYPE = YES_ERROR;
				GCC_WARN_UNDECLARED_SELECTOR = YES;
				GCC_WARN_UNINITIALIZED_AUTOS = YES_AGGRESSIVE;
				GCC_WARN_UNUSED_FUNCTION = YES;
				GCC_WARN_UNUSED_VARIABLE = YES;
				IPHONEOS_DEPLOYMENT_TARGET = 10.2;
				MTL_ENABLE_DEBUG_INFO = NO;
				SDKROOT = iphoneos;
				SWIFT_OPTIMIZATION_LEVEL = "-Owholemodule";
				TARGETED_DEVICE_FAMILY = "1,2";
				VALIDATE_PRODUCT = YES;
			};
			name = Release;
		};
		AB8302561E424F8A004C3552 /* Debug */ = {
			isa = XCBuildConfiguration;
			baseConfigurationReference = D84EE19978DCA2C23D05EC97 /* Pods-NotAnotherStarWarsApp.debug.xcconfig */;
			buildSettings = {
				ASSETCATALOG_COMPILER_APPICON_NAME = AppIcon;
				DEVELOPMENT_TEAM = 8CH5HQ4HDY;
				INFOPLIST_FILE = NotAnotherStarWarsApp/Support/Info.plist;
				IPHONEOS_DEPLOYMENT_TARGET = 9.0;
				LD_RUNPATH_SEARCH_PATHS = "$(inherited) @executable_path/Frameworks";
				PRODUCT_BUNDLE_IDENTIFIER = com.RocketSolutions.NotAnotherStarWarsApp;
				PRODUCT_NAME = "$(TARGET_NAME)";
				SWIFT_VERSION = 3.0;
			};
			name = Debug;
		};
		AB8302571E424F8A004C3552 /* Release */ = {
			isa = XCBuildConfiguration;
			baseConfigurationReference = EE19C7DF9E760A98D510F7A2 /* Pods-NotAnotherStarWarsApp.release.xcconfig */;
			buildSettings = {
				ASSETCATALOG_COMPILER_APPICON_NAME = AppIcon;
				DEVELOPMENT_TEAM = 8CH5HQ4HDY;
				INFOPLIST_FILE = NotAnotherStarWarsApp/Support/Info.plist;
				IPHONEOS_DEPLOYMENT_TARGET = 9.0;
				LD_RUNPATH_SEARCH_PATHS = "$(inherited) @executable_path/Frameworks";
				PRODUCT_BUNDLE_IDENTIFIER = com.RocketSolutions.NotAnotherStarWarsApp;
				PRODUCT_NAME = "$(TARGET_NAME)";
				SWIFT_VERSION = 3.0;
			};
			name = Release;
		};
		AB8302591E424F8A004C3552 /* Debug */ = {
			isa = XCBuildConfiguration;
			baseConfigurationReference = D6931B2CA54C29897E8FEFF0 /* Pods-NotAnotherStarWarsAppTests.debug.xcconfig */;
			buildSettings = {
				ALWAYS_EMBED_SWIFT_STANDARD_LIBRARIES = YES;
				BUNDLE_LOADER = "$(TEST_HOST)";
				CLANG_ENABLE_MODULES = YES;
				DEVELOPMENT_TEAM = 8CH5HQ4HDY;
				INFOPLIST_FILE = NotAnotherStarWarsAppTests/Info.plist;
				LD_RUNPATH_SEARCH_PATHS = "$(inherited) @executable_path/Frameworks @loader_path/Frameworks";
				PRODUCT_BUNDLE_IDENTIFIER = com.RocketSolutions.NotAnotherStarWarsAppTests;
				PRODUCT_NAME = "$(TARGET_NAME)";
				SWIFT_OPTIMIZATION_LEVEL = "-Onone";
				SWIFT_VERSION = 3.0;
				TEST_HOST = "$(BUILT_PRODUCTS_DIR)/NotAnotherStarWarsApp.app/NotAnotherStarWarsApp";
			};
			name = Debug;
		};
		AB83025A1E424F8A004C3552 /* Release */ = {
			isa = XCBuildConfiguration;
			baseConfigurationReference = 6F94DB5382A67962563AFF39 /* Pods-NotAnotherStarWarsAppTests.release.xcconfig */;
			buildSettings = {
				ALWAYS_EMBED_SWIFT_STANDARD_LIBRARIES = YES;
				BUNDLE_LOADER = "$(TEST_HOST)";
				CLANG_ENABLE_MODULES = YES;
				DEVELOPMENT_TEAM = 8CH5HQ4HDY;
				INFOPLIST_FILE = NotAnotherStarWarsAppTests/Info.plist;
				LD_RUNPATH_SEARCH_PATHS = "$(inherited) @executable_path/Frameworks @loader_path/Frameworks";
				PRODUCT_BUNDLE_IDENTIFIER = com.RocketSolutions.NotAnotherStarWarsAppTests;
				PRODUCT_NAME = "$(TARGET_NAME)";
				SWIFT_VERSION = 3.0;
				TEST_HOST = "$(BUILT_PRODUCTS_DIR)/NotAnotherStarWarsApp.app/NotAnotherStarWarsApp";
			};
			name = Release;
		};
		AB83025C1E424F8A004C3552 /* Debug */ = {
			isa = XCBuildConfiguration;
			baseConfigurationReference = CEA8F4ACA7F1C77CF9E20101 /* Pods-NotAnotherStarWarsAppUITests.debug.xcconfig */;
			buildSettings = {
				ALWAYS_EMBED_SWIFT_STANDARD_LIBRARIES = YES;
				DEVELOPMENT_TEAM = 8CH5HQ4HDY;
				INFOPLIST_FILE = NotAnotherStarWarsAppUITests/Info.plist;
				LD_RUNPATH_SEARCH_PATHS = "$(inherited) @executable_path/Frameworks @loader_path/Frameworks";
				PRODUCT_BUNDLE_IDENTIFIER = com.RocketSolutions.NotAnotherStarWarsAppUITests;
				PRODUCT_NAME = "$(TARGET_NAME)";
				SWIFT_VERSION = 3.0;
				TEST_TARGET_NAME = NotAnotherStarWarsApp;
			};
			name = Debug;
		};
		AB83025D1E424F8A004C3552 /* Release */ = {
			isa = XCBuildConfiguration;
			baseConfigurationReference = EC8A50E83CB87E27FB7FFDDD /* Pods-NotAnotherStarWarsAppUITests.release.xcconfig */;
			buildSettings = {
				ALWAYS_EMBED_SWIFT_STANDARD_LIBRARIES = YES;
				DEVELOPMENT_TEAM = 8CH5HQ4HDY;
				INFOPLIST_FILE = NotAnotherStarWarsAppUITests/Info.plist;
				LD_RUNPATH_SEARCH_PATHS = "$(inherited) @executable_path/Frameworks @loader_path/Frameworks";
				PRODUCT_BUNDLE_IDENTIFIER = com.RocketSolutions.NotAnotherStarWarsAppUITests;
				PRODUCT_NAME = "$(TARGET_NAME)";
				SWIFT_VERSION = 3.0;
				TEST_TARGET_NAME = NotAnotherStarWarsApp;
			};
			name = Release;
		};
/* End XCBuildConfiguration section */

/* Begin XCConfigurationList section */
		AB8302281E424F89004C3552 /* Build configuration list for PBXProject "NotAnotherStarWarsApp" */ = {
			isa = XCConfigurationList;
			buildConfigurations = (
				AB8302531E424F8A004C3552 /* Debug */,
				AB8302541E424F8A004C3552 /* Release */,
			);
			defaultConfigurationIsVisible = 0;
			defaultConfigurationName = Release;
		};
		AB8302551E424F8A004C3552 /* Build configuration list for PBXNativeTarget "NotAnotherStarWarsApp" */ = {
			isa = XCConfigurationList;
			buildConfigurations = (
				AB8302561E424F8A004C3552 /* Debug */,
				AB8302571E424F8A004C3552 /* Release */,
			);
			defaultConfigurationIsVisible = 0;
		};
		AB8302581E424F8A004C3552 /* Build configuration list for PBXNativeTarget "NotAnotherStarWarsAppTests" */ = {
			isa = XCConfigurationList;
			buildConfigurations = (
				AB8302591E424F8A004C3552 /* Debug */,
				AB83025A1E424F8A004C3552 /* Release */,
			);
			defaultConfigurationIsVisible = 0;
		};
		AB83025B1E424F8A004C3552 /* Build configuration list for PBXNativeTarget "NotAnotherStarWarsAppUITests" */ = {
			isa = XCConfigurationList;
			buildConfigurations = (
				AB83025C1E424F8A004C3552 /* Debug */,
				AB83025D1E424F8A004C3552 /* Release */,
			);
			defaultConfigurationIsVisible = 0;
		};
/* End XCConfigurationList section */
	};
	rootObject = AB8302251E424F89004C3552 /* Project object */;
}
